<?xml version="1.0" encoding="UTF-8"?>
<Project ToolsVersion="15.0" xmlns="http://schemas.microsoft.com/developer/msbuild/2003">
  <ItemGroup>
    <ClCompile Include="C:\Users\grand_000\workspaceCpp\ogl-master\tutorial09_vbo_indexing\tutorial09_several_objects.cpp">
      <Filter>Source Files</Filter>
    </ClCompile>
    <ClCompile Include="C:\Users\grand_000\workspaceCpp\ogl-master\common\shader.cpp">
      <Filter>common</Filter>
    </ClCompile>
    <ClCompile Include="C:\Users\grand_000\workspaceCpp\ogl-master\common\controls.cpp">
      <Filter>common</Filter>
    </ClCompile>
    <ClCompile Include="C:\Users\grand_000\workspaceCpp\ogl-master\common\texture.cpp">
      <Filter>common</Filter>
    </ClCompile>
    <ClCompile Include="C:\Users\grand_000\workspaceCpp\ogl-master\common\objloader.cpp">
      <Filter>common</Filter>
    </ClCompile>
    <ClCompile Include="C:\Users\grand_000\workspaceCpp\ogl-master\common\vboindexer.cpp">
      <Filter>common</Filter>
    </ClCompile>
  </ItemGroup>
  <ItemGroup>
    <ClInclude Include="C:\Users\grand_000\workspaceCpp\ogl-master\common\shader.hpp">
      <Filter>common</Filter>
    </ClInclude>
    <ClInclude Include="C:\Users\grand_000\workspaceCpp\ogl-master\common\controls.hpp">
      <Filter>common</Filter>
    </ClInclude>
    <ClInclude Include="C:\Users\grand_000\workspaceCpp\ogl-master\common\texture.hpp">
      <Filter>common</Filter>
    </ClInclude>
    <ClInclude Include="C:\Users\grand_000\workspaceCpp\ogl-master\common\objloader.hpp">
      <Filter>common</Filter>
    </ClInclude>
    <ClInclude Include="C:\Users\grand_000\workspaceCpp\ogl-master\common\vboindexer.hpp">
      <Filter>common</Filter>
    </ClInclude>
  </ItemGroup>
  <ItemGroup>
    <CustomBuild Include="C:\Users\grand_000\workspaceCpp\ogl-master\CMakeLists.txt" />
  </ItemGroup>
  <ItemGroup>
    <None Include="C:\Users\grand_000\workspaceCpp\ogl-master\tutorial09_vbo_indexing\StandardShading.vertexshader">
      <Filter>shaders</Filter>
    </None>
    <None Include="C:\Users\grand_000\workspaceCpp\ogl-master\tutorial09_vbo_indexing\StandardShading.fragmentshader">
      <Filter>shaders</Filter>
    </None>
  </ItemGroup>
  <ItemGroup>
    <Filter Include="Source Files">
      <UniqueIdentifier>{2AE3D3E4-6B3F-3E1F-A389-7C247592527F}</UniqueIdentifier>
    </Filter>
    <Filter Include="common">
      <UniqueIdentifier>{053337AF-1592-36E5-B764-804CC33230BC}</UniqueIdentifier>
    </Filter>
    <Filter Include="shaders">
      <UniqueIdentifier>{E9A312F7-D1DA-3F36-80F9-60107091F3B2}</UniqueIdentifier>
    </Filter>
  </ItemGroup>
</Project>
