Microsoft Visual Studio Solution File, Format Version 12.00
# Visual Studio 15
Project("{2150E333-8FDC-42A3-9474-1A3956D46DE8}") = "CMakePredefinedTargets", "CMakePredefinedTargets", "{9F57CDE7-C1F1-396F-A26A-5F855E4E5687}"
EndProject
Project("{2150E333-8FDC-42A3-9474-1A3956D46DE8}") = "GLFW3", "GLFW3", "{72590DB3-8C4B-35D6-87D8-3D09D70DC9AF}"
EndProject
Project("{2150E333-8FDC-42A3-9474-1A3956D46DE8}") = "Examples", "GLFW3\Examples", "{AA4AC726-9807-3719-853D-0E0105AB1F12}"
EndProject
Project("{2150E333-8FDC-42A3-9474-1A3956D46DE8}") = "Tests", "GLFW3\Tests", "{E5095E2A-06BF-3D73-80EA-3504AF65803A}"
EndProject
Project("{8BC9CEB8-8B4A-11D0-8D11-00A0C91BC942}") = "ALL_BUILD", "ALL_BUILD.vcxproj", "{6D35F234-316C-3F2C-B72B-D14630621D5F}"
	ProjectSection(ProjectDependencies) = postProject
		{600F98DE-432D-33BC-A1B3-ED33D884DA74} = {600F98DE-432D-33BC-A1B3-ED33D884DA74}
		{B73A776B-52E0-34AD-AEDD-63663C1E4D0B} = {B73A776B-52E0-34AD-AEDD-63663C1E4D0B}
		{11927E02-90A4-33B3-B212-4D6F731540B1} = {11927E02-90A4-33B3-B212-4D6F731540B1}
		{1AFB7EF8-B294-3638-93A8-355DABE2F1EF} = {1AFB7EF8-B294-3638-93A8-355DABE2F1EF}
		{A0F10621-D220-313B-9136-8F3507F75BF8} = {A0F10621-D220-313B-9136-8F3507F75BF8}
		{83E13DBA-45B1-36CE-AF35-756872CDCE81} = {83E13DBA-45B1-36CE-AF35-756872CDCE81}
		{2A3B12DB-7F66-3284-B549-7FB84D5722BF} = {2A3B12DB-7F66-3284-B549-7FB84D5722BF}
		{C293B266-802A-39E4-9E1A-C84EB9BBFBC5} = {C293B266-802A-39E4-9E1A-C84EB9BBFBC5}
		{0CF73325-407F-348B-B479-6115084032A7} = {0CF73325-407F-348B-B479-6115084032A7}
		{285FE1D1-0944-34A8-B3E1-CDE32A6CFB89} = {285FE1D1-0944-34A8-B3E1-CDE32A6CFB89}
		{56D08D25-2720-3968-9462-10BC3F020C70} = {56D08D25-2720-3968-9462-10BC3F020C70}
		{5C2623C4-7440-3AD1-A0EE-C4A76FCCF7C8} = {5C2623C4-7440-3AD1-A0EE-C4A76FCCF7C8}
		{4A85A685-A1FC-3EA1-A7CA-94C7AC55BB95} = {4A85A685-A1FC-3EA1-A7CA-94C7AC55BB95}
		{73ADF80F-2E1E-343A-AEA4-E061AC7F4E52} = {73ADF80F-2E1E-343A-AEA4-E061AC7F4E52}
		{E34AEBCD-2F2C-32FB-87EC-61FA55D4D09C} = {E34AEBCD-2F2C-32FB-87EC-61FA55D4D09C}
		{9C541C16-F042-37D6-8F69-BC85B5EB97A7} = {9C541C16-F042-37D6-8F69-BC85B5EB97A7}
		{7EA7C8F9-4ECA-348D-A565-9E7C4E1CD2EE} = {7EA7C8F9-4ECA-348D-A565-9E7C4E1CD2EE}
		{B71E7F6F-2B5B-326B-A58C-87CDCA7E8F18} = {B71E7F6F-2B5B-326B-A58C-87CDCA7E8F18}
		{A8BE99AC-6555-37B6-B56A-200CA5152A89} = {A8BE99AC-6555-37B6-B56A-200CA5152A89}
		{99B7913C-256F-3C27-B892-36B87A946412} = {99B7913C-256F-3C27-B892-36B87A946412}
		{68A85428-0FD9-3977-8A98-6E871BF8B12C} = {68A85428-0FD9-3977-8A98-6E871BF8B12C}
		{AE5A4B0D-F22B-3A01-9448-447D0A2FA33E} = {AE5A4B0D-F22B-3A01-9448-447D0A2FA33E}
		{0274BD60-2669-31CE-A575-A4DBDB3783AD} = {0274BD60-2669-31CE-A575-A4DBDB3783AD}
		{355C0BA1-7654-387A-BCC1-E38B6911382D} = {355C0BA1-7654-387A-BCC1-E38B6911382D}
		{5E6CA375-E1BB-35B9-85F4-2C2CF9275951} = {5E6CA375-E1BB-35B9-85F4-2C2CF9275951}
		{84E12B28-FBB6-374F-AAF2-897CE6AB3D62} = {84E12B28-FBB6-374F-AAF2-897CE6AB3D62}
		{ADE4F631-5128-3AF1-9AC7-C8C26C9A59CE} = {ADE4F631-5128-3AF1-9AC7-C8C26C9A59CE}
		{A27A345D-BED0-327D-85A5-91F0403D0DE9} = {A27A345D-BED0-327D-85A5-91F0403D0DE9}
		{55B2651D-6ADB-3B5A-9D31-75F03C3F5BC6} = {55B2651D-6ADB-3B5A-9D31-75F03C3F5BC6}
		{33EE34C6-4039-358E-A368-2FC90E6D2BBA} = {33EE34C6-4039-358E-A368-2FC90E6D2BBA}
		{4699D214-D520-3146-B402-C074A6332C4C} = {4699D214-D520-3146-B402-C074A6332C4C}
		{DE22E0BA-E52D-31F2-87B9-22BC5D5D2A66} = {DE22E0BA-E52D-31F2-87B9-22BC5D5D2A66}
		{78030332-8AE3-3792-B7C7-7BFEAF03E827} = {78030332-8AE3-3792-B7C7-7BFEAF03E827}
		{1CDA0EC7-18AA-320D-A5C7-5FC5ACB58D69} = {1CDA0EC7-18AA-320D-A5C7-5FC5ACB58D69}
		{07BADF12-8A1D-3CFC-B1F5-FFBDD388E9A8} = {07BADF12-8A1D-3CFC-B1F5-FFBDD388E9A8}
		{247657DC-1EB3-3A48-AB3C-EE3E6C9C96B5} = {247657DC-1EB3-3A48-AB3C-EE3E6C9C96B5}
		{BD970263-C7E8-3209-817A-628409DC2957} = {BD970263-C7E8-3209-817A-628409DC2957}
		{9DB27BF0-4D61-3092-B9B9-D811507CBB1F} = {9DB27BF0-4D61-3092-B9B9-D811507CBB1F}
		{000F4F4D-9FC5-3F96-9AA8-E550726AE50B} = {000F4F4D-9FC5-3F96-9AA8-E550726AE50B}
		{496C5031-00DC-34EB-8D26-8BD045657550} = {496C5031-00DC-34EB-8D26-8BD045657550}
		{543212FC-6EC8-3405-89A1-516CEFC292D2} = {543212FC-6EC8-3405-89A1-516CEFC292D2}
		{7790E553-E2AE-3CDD-87D5-470129435576} = {7790E553-E2AE-3CDD-87D5-470129435576}
		{B71DA919-3658-315B-9D0D-CFB989DA048C} = {B71DA919-3658-315B-9D0D-CFB989DA048C}
		{0BB0AD1F-C060-33C3-BEC8-9189D3C2F357} = {0BB0AD1F-C060-33C3-BEC8-9189D3C2F357}
		{F4EAA8F0-B7A5-3669-B9CA-13A0C48F4910} = {F4EAA8F0-B7A5-3669-B9CA-13A0C48F4910}
		{A66873E0-8453-3681-9BA4-0C19B485FF27} = {A66873E0-8453-3681-9BA4-0C19B485FF27}
		{610285CD-EC5D-3632-9A00-3D5F393EC81D} = {610285CD-EC5D-3632-9A00-3D5F393EC81D}
		{2AE602CD-A9BC-3F70-833D-D39D02875EB9} = {2AE602CD-A9BC-3F70-833D-D39D02875EB9}
		{8D83D66E-E655-307B-A58E-45249AF26C7C} = {8D83D66E-E655-307B-A58E-45249AF26C7C}
		{01365AF7-4985-3F94-8941-A4B6BABE12AA} = {01365AF7-4985-3F94-8941-A4B6BABE12AA}
		{8908F161-4AC0-3721-B80E-A90375526ABE} = {8908F161-4AC0-3721-B80E-A90375526ABE}
		{EFA1FD7F-13A3-3ECE-93C6-950D048CC863} = {EFA1FD7F-13A3-3ECE-93C6-950D048CC863}
		{21E974C7-8D4B-3434-A15A-0F830699B382} = {21E974C7-8D4B-3434-A15A-0F830699B382}
		{E9C8F3DF-1148-375C-BE49-F4CABEE9CF04} = {E9C8F3DF-1148-375C-BE49-F4CABEE9CF04}
		{FCA9EA83-94CF-3E07-BC2D-2B79EDF14EBD} = {FCA9EA83-94CF-3E07-BC2D-2B79EDF14EBD}
		{503085C9-144C-31EA-909F-1BFCFC8A1712} = {503085C9-144C-31EA-909F-1BFCFC8A1712}
		{D59410F6-DEA7-3F54-A6D0-088ECEF094CD} = {D59410F6-DEA7-3F54-A6D0-088ECEF094CD}
		{92EAA5A8-46E0-3660-8CE0-7E903B0CAA21} = {92EAA5A8-46E0-3660-8CE0-7E903B0CAA21}
		{C11C694A-DDD9-3763-BC57-49EE27908FE4} = {C11C694A-DDD9-3763-BC57-49EE27908FE4}
	EndProjectSection
EndProject
Project("{8BC9CEB8-8B4A-11D0-8D11-00A0C91BC942}") = "ANTTWEAKBAR_116_OGLCORE_GLFW", "external\ANTTWEAKBAR_116_OGLCORE_GLFW.vcxproj", "{600F98DE-432D-33BC-A1B3-ED33D884DA74}"
	ProjectSection(ProjectDependencies) = postProject
		{2A3B12DB-7F66-3284-B549-7FB84D5722BF} = {2A3B12DB-7F66-3284-B549-7FB84D5722BF}
	EndProjectSection
EndProject
Project("{8BC9CEB8-8B4A-11D0-8D11-00A0C91BC942}") = "BulletCollision", "external\bullet-2.81-rev2613\src\BulletCollision\BulletCollision.vcxproj", "{B73A776B-52E0-34AD-AEDD-63663C1E4D0B}"
	ProjectSection(ProjectDependencies) = postProject
		{2A3B12DB-7F66-3284-B549-7FB84D5722BF} = {2A3B12DB-7F66-3284-B549-7FB84D5722BF}
	EndProjectSection
EndProject
Project("{8BC9CEB8-8B4A-11D0-8D11-00A0C91BC942}") = "BulletDynamics", "external\bullet-2.81-rev2613\src\BulletDynamics\BulletDynamics.vcxproj", "{11927E02-90A4-33B3-B212-4D6F731540B1}"
	ProjectSection(ProjectDependencies) = postProject
		{2A3B12DB-7F66-3284-B549-7FB84D5722BF} = {2A3B12DB-7F66-3284-B549-7FB84D5722BF}
	EndProjectSection
EndProject
Project("{8BC9CEB8-8B4A-11D0-8D11-00A0C91BC942}") = "BulletSoftBody", "external\bullet-2.81-rev2613\src\BulletSoftBody\BulletSoftBody.vcxproj", "{1AFB7EF8-B294-3638-93A8-355DABE2F1EF}"
	ProjectSection(ProjectDependencies) = postProject
		{2A3B12DB-7F66-3284-B549-7FB84D5722BF} = {2A3B12DB-7F66-3284-B549-7FB84D5722BF}
	EndProjectSection
EndProject
Project("{8BC9CEB8-8B4A-11D0-8D11-00A0C91BC942}") = "GLEW_1130", "external\GLEW_1130.vcxproj", "{A0F10621-D220-313B-9136-8F3507F75BF8}"
	ProjectSection(ProjectDependencies) = postProject
		{2A3B12DB-7F66-3284-B549-7FB84D5722BF} = {2A3B12DB-7F66-3284-B549-7FB84D5722BF}
	EndProjectSection
EndProject
Project("{8BC9CEB8-8B4A-11D0-8D11-00A0C91BC942}") = "INSTALL", "INSTALL.vcxproj", "{49AF805E-F9ED-34CE-9FE9-DEEA097F35CD}"
	ProjectSection(ProjectDependencies) = postProject
		{6D35F234-316C-3F2C-B72B-D14630621D5F} = {6D35F234-316C-3F2C-B72B-D14630621D5F}
		{2A3B12DB-7F66-3284-B549-7FB84D5722BF} = {2A3B12DB-7F66-3284-B549-7FB84D5722BF}
	EndProjectSection
EndProject
Project("{8BC9CEB8-8B4A-11D0-8D11-00A0C91BC942}") = "LinearMath", "external\bullet-2.81-rev2613\src\LinearMath\LinearMath.vcxproj", "{83E13DBA-45B1-36CE-AF35-756872CDCE81}"
	ProjectSection(ProjectDependencies) = postProject
		{2A3B12DB-7F66-3284-B549-7FB84D5722BF} = {2A3B12DB-7F66-3284-B549-7FB84D5722BF}
	EndProjectSection
EndProject
Project("{8BC9CEB8-8B4A-11D0-8D11-00A0C91BC942}") = "ZERO_CHECK", "ZERO_CHECK.vcxproj", "{2A3B12DB-7F66-3284-B549-7FB84D5722BF}"
	ProjectSection(ProjectDependencies) = postProject
	EndProjectSection
EndProject
Project("{8BC9CEB8-8B4A-11D0-8D11-00A0C91BC942}") = "assimp", "external\assimp-3.0.1270\code\assimp.vcxproj", "{C293B266-802A-39E4-9E1A-C84EB9BBFBC5}"
	ProjectSection(ProjectDependencies) = postProject
		{2A3B12DB-7F66-3284-B549-7FB84D5722BF} = {2A3B12DB-7F66-3284-B549-7FB84D5722BF}
		{C11C694A-DDD9-3763-BC57-49EE27908FE4} = {C11C694A-DDD9-3763-BC57-49EE27908FE4}
	EndProjectSection
EndProject
Project("{8BC9CEB8-8B4A-11D0-8D11-00A0C91BC942}") = "boing", "external\glfw-3.1.2\examples\boing.vcxproj", "{0CF73325-407F-348B-B479-6115084032A7}"
	ProjectSection(ProjectDependencies) = postProject
		{2A3B12DB-7F66-3284-B549-7FB84D5722BF} = {2A3B12DB-7F66-3284-B549-7FB84D5722BF}
		{9C541C16-F042-37D6-8F69-BC85B5EB97A7} = {9C541C16-F042-37D6-8F69-BC85B5EB97A7}
	EndProjectSection
EndProject
Project("{8BC9CEB8-8B4A-11D0-8D11-00A0C91BC942}") = "clipboard", "external\glfw-3.1.2\tests\clipboard.vcxproj", "{285FE1D1-0944-34A8-B3E1-CDE32A6CFB89}"
	ProjectSection(ProjectDependencies) = postProject
		{2A3B12DB-7F66-3284-B549-7FB84D5722BF} = {2A3B12DB-7F66-3284-B549-7FB84D5722BF}
		{9C541C16-F042-37D6-8F69-BC85B5EB97A7} = {9C541C16-F042-37D6-8F69-BC85B5EB97A7}
	EndProjectSection
EndProject
Project("{8BC9CEB8-8B4A-11D0-8D11-00A0C91BC942}") = "cursor", "external\glfw-3.1.2\tests\cursor.vcxproj", "{56D08D25-2720-3968-9462-10BC3F020C70}"
	ProjectSection(ProjectDependencies) = postProject
		{2A3B12DB-7F66-3284-B549-7FB84D5722BF} = {2A3B12DB-7F66-3284-B549-7FB84D5722BF}
		{9C541C16-F042-37D6-8F69-BC85B5EB97A7} = {9C541C16-F042-37D6-8F69-BC85B5EB97A7}
	EndProjectSection
EndProject
Project("{8BC9CEB8-8B4A-11D0-8D11-00A0C91BC942}") = "empty", "external\glfw-3.1.2\tests\empty.vcxproj", "{5C2623C4-7440-3AD1-A0EE-C4A76FCCF7C8}"
	ProjectSection(ProjectDependencies) = postProject
		{2A3B12DB-7F66-3284-B549-7FB84D5722BF} = {2A3B12DB-7F66-3284-B549-7FB84D5722BF}
		{9C541C16-F042-37D6-8F69-BC85B5EB97A7} = {9C541C16-F042-37D6-8F69-BC85B5EB97A7}
	EndProjectSection
EndProject
Project("{8BC9CEB8-8B4A-11D0-8D11-00A0C91BC942}") = "events", "external\glfw-3.1.2\tests\events.vcxproj", "{4A85A685-A1FC-3EA1-A7CA-94C7AC55BB95}"
	ProjectSection(ProjectDependencies) = postProject
		{2A3B12DB-7F66-3284-B549-7FB84D5722BF} = {2A3B12DB-7F66-3284-B549-7FB84D5722BF}
		{9C541C16-F042-37D6-8F69-BC85B5EB97A7} = {9C541C16-F042-37D6-8F69-BC85B5EB97A7}
	EndProjectSection
EndProject
Project("{8BC9CEB8-8B4A-11D0-8D11-00A0C91BC942}") = "gamma", "external\glfw-3.1.2\tests\gamma.vcxproj", "{73ADF80F-2E1E-343A-AEA4-E061AC7F4E52}"
	ProjectSection(ProjectDependencies) = postProject
		{2A3B12DB-7F66-3284-B549-7FB84D5722BF} = {2A3B12DB-7F66-3284-B549-7FB84D5722BF}
		{9C541C16-F042-37D6-8F69-BC85B5EB97A7} = {9C541C16-F042-37D6-8F69-BC85B5EB97A7}
	EndProjectSection
EndProject
Project("{8BC9CEB8-8B4A-11D0-8D11-00A0C91BC942}") = "gears", "external\glfw-3.1.2\examples\gears.vcxproj", "{E34AEBCD-2F2C-32FB-87EC-61FA55D4D09C}"
	ProjectSection(ProjectDependencies) = postProject
		{2A3B12DB-7F66-3284-B549-7FB84D5722BF} = {2A3B12DB-7F66-3284-B549-7FB84D5722BF}
		{9C541C16-F042-37D6-8F69-BC85B5EB97A7} = {9C541C16-F042-37D6-8F69-BC85B5EB97A7}
	EndProjectSection
EndProject
Project("{8BC9CEB8-8B4A-11D0-8D11-00A0C91BC942}") = "glfw", "external\glfw-3.1.2\src\glfw.vcxproj", "{9C541C16-F042-37D6-8F69-BC85B5EB97A7}"
	ProjectSection(ProjectDependencies) = postProject
		{2A3B12DB-7F66-3284-B549-7FB84D5722BF} = {2A3B12DB-7F66-3284-B549-7FB84D5722BF}
	EndProjectSection
EndProject
Project("{8BC9CEB8-8B4A-11D0-8D11-00A0C91BC942}") = "glfwinfo", "external\glfw-3.1.2\tests\glfwinfo.vcxproj", "{7EA7C8F9-4ECA-348D-A565-9E7C4E1CD2EE}"
	ProjectSection(ProjectDependencies) = postProject
		{2A3B12DB-7F66-3284-B549-7FB84D5722BF} = {2A3B12DB-7F66-3284-B549-7FB84D5722BF}
		{9C541C16-F042-37D6-8F69-BC85B5EB97A7} = {9C541C16-F042-37D6-8F69-BC85B5EB97A7}
	EndProjectSection
EndProject
Project("{8BC9CEB8-8B4A-11D0-8D11-00A0C91BC942}") = "heightmap", "external\glfw-3.1.2\examples\heightmap.vcxproj", "{B71E7F6F-2B5B-326B-A58C-87CDCA7E8F18}"
	ProjectSection(ProjectDependencies) = postProject
		{2A3B12DB-7F66-3284-B549-7FB84D5722BF} = {2A3B12DB-7F66-3284-B549-7FB84D5722BF}
		{9C541C16-F042-37D6-8F69-BC85B5EB97A7} = {9C541C16-F042-37D6-8F69-BC85B5EB97A7}
	EndProjectSection
EndProject
Project("{8BC9CEB8-8B4A-11D0-8D11-00A0C91BC942}") = "iconify", "external\glfw-3.1.2\tests\iconify.vcxproj", "{A8BE99AC-6555-37B6-B56A-200CA5152A89}"
	ProjectSection(ProjectDependencies) = postProject
		{2A3B12DB-7F66-3284-B549-7FB84D5722BF} = {2A3B12DB-7F66-3284-B549-7FB84D5722BF}
		{9C541C16-F042-37D6-8F69-BC85B5EB97A7} = {9C541C16-F042-37D6-8F69-BC85B5EB97A7}
	EndProjectSection
EndProject
Project("{8BC9CEB8-8B4A-11D0-8D11-00A0C91BC942}") = "joysticks", "external\glfw-3.1.2\tests\joysticks.vcxproj", "{99B7913C-256F-3C27-B892-36B87A946412}"
	ProjectSection(ProjectDependencies) = postProject
		{2A3B12DB-7F66-3284-B549-7FB84D5722BF} = {2A3B12DB-7F66-3284-B549-7FB84D5722BF}
		{9C541C16-F042-37D6-8F69-BC85B5EB97A7} = {9C541C16-F042-37D6-8F69-BC85B5EB97A7}
	EndProjectSection
EndProject
Project("{8BC9CEB8-8B4A-11D0-8D11-00A0C91BC942}") = "misc05_picking_BulletPhysics", "misc05_picking_BulletPhysics.vcxproj", "{68A85428-0FD9-3977-8A98-6E871BF8B12C}"
	ProjectSection(ProjectDependencies) = postProject
		{600F98DE-432D-33BC-A1B3-ED33D884DA74} = {600F98DE-432D-33BC-A1B3-ED33D884DA74}
		{B73A776B-52E0-34AD-AEDD-63663C1E4D0B} = {B73A776B-52E0-34AD-AEDD-63663C1E4D0B}
		{11927E02-90A4-33B3-B212-4D6F731540B1} = {11927E02-90A4-33B3-B212-4D6F731540B1}
		{A0F10621-D220-313B-9136-8F3507F75BF8} = {A0F10621-D220-313B-9136-8F3507F75BF8}
		{83E13DBA-45B1-36CE-AF35-756872CDCE81} = {83E13DBA-45B1-36CE-AF35-756872CDCE81}
		{2A3B12DB-7F66-3284-B549-7FB84D5722BF} = {2A3B12DB-7F66-3284-B549-7FB84D5722BF}
		{9C541C16-F042-37D6-8F69-BC85B5EB97A7} = {9C541C16-F042-37D6-8F69-BC85B5EB97A7}
	EndProjectSection
EndProject
Project("{8BC9CEB8-8B4A-11D0-8D11-00A0C91BC942}") = "misc05_picking_custom", "misc05_picking_custom.vcxproj", "{AE5A4B0D-F22B-3A01-9448-447D0A2FA33E}"
	ProjectSection(ProjectDependencies) = postProject
		{600F98DE-432D-33BC-A1B3-ED33D884DA74} = {600F98DE-432D-33BC-A1B3-ED33D884DA74}
		{A0F10621-D220-313B-9136-8F3507F75BF8} = {A0F10621-D220-313B-9136-8F3507F75BF8}
		{2A3B12DB-7F66-3284-B549-7FB84D5722BF} = {2A3B12DB-7F66-3284-B549-7FB84D5722BF}
		{9C541C16-F042-37D6-8F69-BC85B5EB97A7} = {9C541C16-F042-37D6-8F69-BC85B5EB97A7}
	EndProjectSection
EndProject
Project("{8BC9CEB8-8B4A-11D0-8D11-00A0C91BC942}") = "misc05_picking_slow_easy", "misc05_picking_slow_easy.vcxproj", "{0274BD60-2669-31CE-A575-A4DBDB3783AD}"
	ProjectSection(ProjectDependencies) = postProject
		{600F98DE-432D-33BC-A1B3-ED33D884DA74} = {600F98DE-432D-33BC-A1B3-ED33D884DA74}
		{A0F10621-D220-313B-9136-8F3507F75BF8} = {A0F10621-D220-313B-9136-8F3507F75BF8}
		{2A3B12DB-7F66-3284-B549-7FB84D5722BF} = {2A3B12DB-7F66-3284-B549-7FB84D5722BF}
		{9C541C16-F042-37D6-8F69-BC85B5EB97A7} = {9C541C16-F042-37D6-8F69-BC85B5EB97A7}
	EndProjectSection
EndProject
Project("{8BC9CEB8-8B4A-11D0-8D11-00A0C91BC942}") = "monitors", "external\glfw-3.1.2\tests\monitors.vcxproj", "{355C0BA1-7654-387A-BCC1-E38B6911382D}"
	ProjectSection(ProjectDependencies) = postProject
		{2A3B12DB-7F66-3284-B549-7FB84D5722BF} = {2A3B12DB-7F66-3284-B549-7FB84D5722BF}
		{9C541C16-F042-37D6-8F69-BC85B5EB97A7} = {9C541C16-F042-37D6-8F69-BC85B5EB97A7}
	EndProjectSection
EndProject
Project("{8BC9CEB8-8B4A-11D0-8D11-00A0C91BC942}") = "msaa", "external\glfw-3.1.2\tests\msaa.vcxproj", "{5E6CA375-E1BB-35B9-85F4-2C2CF9275951}"
	ProjectSection(ProjectDependencies) = postProject
		{2A3B12DB-7F66-3284-B549-7FB84D5722BF} = {2A3B12DB-7F66-3284-B549-7FB84D5722BF}
		{9C541C16-F042-37D6-8F69-BC85B5EB97A7} = {9C541C16-F042-37D6-8F69-BC85B5EB97A7}
	EndProjectSection
EndProject
Project("{8BC9CEB8-8B4A-11D0-8D11-00A0C91BC942}") = "particles", "external\glfw-3.1.2\examples\particles.vcxproj", "{84E12B28-FBB6-374F-AAF2-897CE6AB3D62}"
	ProjectSection(ProjectDependencies) = postProject
		{2A3B12DB-7F66-3284-B549-7FB84D5722BF} = {2A3B12DB-7F66-3284-B549-7FB84D5722BF}
		{9C541C16-F042-37D6-8F69-BC85B5EB97A7} = {9C541C16-F042-37D6-8F69-BC85B5EB97A7}
	EndProjectSection
EndProject
Project("{8BC9CEB8-8B4A-11D0-8D11-00A0C91BC942}") = "playground", "playground.vcxproj", "{ADE4F631-5128-3AF1-9AC7-C8C26C9A59CE}"
	ProjectSection(ProjectDependencies) = postProject
		{A0F10621-D220-313B-9136-8F3507F75BF8} = {A0F10621-D220-313B-9136-8F3507F75BF8}
		{2A3B12DB-7F66-3284-B549-7FB84D5722BF} = {2A3B12DB-7F66-3284-B549-7FB84D5722BF}
		{9C541C16-F042-37D6-8F69-BC85B5EB97A7} = {9C541C16-F042-37D6-8F69-BC85B5EB97A7}
	EndProjectSection
EndProject
Project("{8BC9CEB8-8B4A-11D0-8D11-00A0C91BC942}") = "reopen", "external\glfw-3.1.2\tests\reopen.vcxproj", "{A27A345D-BED0-327D-85A5-91F0403D0DE9}"
	ProjectSection(ProjectDependencies) = postProject
		{2A3B12DB-7F66-3284-B549-7FB84D5722BF} = {2A3B12DB-7F66-3284-B549-7FB84D5722BF}
		{9C541C16-F042-37D6-8F69-BC85B5EB97A7} = {9C541C16-F042-37D6-8F69-BC85B5EB97A7}
	EndProjectSection
EndProject
Project("{8BC9CEB8-8B4A-11D0-8D11-00A0C91BC942}") = "sharing", "external\glfw-3.1.2\tests\sharing.vcxproj", "{55B2651D-6ADB-3B5A-9D31-75F03C3F5BC6}"
	ProjectSection(ProjectDependencies) = postProject
		{2A3B12DB-7F66-3284-B549-7FB84D5722BF} = {2A3B12DB-7F66-3284-B549-7FB84D5722BF}
		{9C541C16-F042-37D6-8F69-BC85B5EB97A7} = {9C541C16-F042-37D6-8F69-BC85B5EB97A7}
	EndProjectSection
EndProject
Project("{8BC9CEB8-8B4A-11D0-8D11-00A0C91BC942}") = "simple", "external\glfw-3.1.2\examples\simple.vcxproj", "{33EE34C6-4039-358E-A368-2FC90E6D2BBA}"
	ProjectSection(ProjectDependencies) = postProject
		{2A3B12DB-7F66-3284-B549-7FB84D5722BF} = {2A3B12DB-7F66-3284-B549-7FB84D5722BF}
		{9C541C16-F042-37D6-8F69-BC85B5EB97A7} = {9C541C16-F042-37D6-8F69-BC85B5EB97A7}
	EndProjectSection
EndProject
Project("{8BC9CEB8-8B4A-11D0-8D11-00A0C91BC942}") = "splitview", "external\glfw-3.1.2\examples\splitview.vcxproj", "{4699D214-D520-3146-B402-C074A6332C4C}"
	ProjectSection(ProjectDependencies) = postProject
		{2A3B12DB-7F66-3284-B549-7FB84D5722BF} = {2A3B12DB-7F66-3284-B549-7FB84D5722BF}
		{9C541C16-F042-37D6-8F69-BC85B5EB97A7} = {9C541C16-F042-37D6-8F69-BC85B5EB97A7}
	EndProjectSection
EndProject
Project("{8BC9CEB8-8B4A-11D0-8D11-00A0C91BC942}") = "tearing", "external\glfw-3.1.2\tests\tearing.vcxproj", "{DE22E0BA-E52D-31F2-87B9-22BC5D5D2A66}"
	ProjectSection(ProjectDependencies) = postProject
		{2A3B12DB-7F66-3284-B549-7FB84D5722BF} = {2A3B12DB-7F66-3284-B549-7FB84D5722BF}
		{9C541C16-F042-37D6-8F69-BC85B5EB97A7} = {9C541C16-F042-37D6-8F69-BC85B5EB97A7}
	EndProjectSection
EndProject
Project("{8BC9CEB8-8B4A-11D0-8D11-00A0C91BC942}") = "threads", "external\glfw-3.1.2\tests\threads.vcxproj", "{78030332-8AE3-3792-B7C7-7BFEAF03E827}"
	ProjectSection(ProjectDependencies) = postProject
		{2A3B12DB-7F66-3284-B549-7FB84D5722BF} = {2A3B12DB-7F66-3284-B549-7FB84D5722BF}
		{9C541C16-F042-37D6-8F69-BC85B5EB97A7} = {9C541C16-F042-37D6-8F69-BC85B5EB97A7}
	EndProjectSection
EndProject
Project("{8BC9CEB8-8B4A-11D0-8D11-00A0C91BC942}") = "title", "external\glfw-3.1.2\tests\title.vcxproj", "{1CDA0EC7-18AA-320D-A5C7-5FC5ACB58D69}"
	ProjectSection(ProjectDependencies) = postProject
		{2A3B12DB-7F66-3284-B549-7FB84D5722BF} = {2A3B12DB-7F66-3284-B549-7FB84D5722BF}
		{9C541C16-F042-37D6-8F69-BC85B5EB97A7} = {9C541C16-F042-37D6-8F69-BC85B5EB97A7}
	EndProjectSection
EndProject
Project("{8BC9CEB8-8B4A-11D0-8D11-00A0C91BC942}") = "tutorial01_first_window", "tutorial01_first_window.vcxproj", "{07BADF12-8A1D-3CFC-B1F5-FFBDD388E9A8}"
	ProjectSection(ProjectDependencies) = postProject
		{A0F10621-D220-313B-9136-8F3507F75BF8} = {A0F10621-D220-313B-9136-8F3507F75BF8}
		{2A3B12DB-7F66-3284-B549-7FB84D5722BF} = {2A3B12DB-7F66-3284-B549-7FB84D5722BF}
		{9C541C16-F042-37D6-8F69-BC85B5EB97A7} = {9C541C16-F042-37D6-8F69-BC85B5EB97A7}
	EndProjectSection
EndProject
Project("{8BC9CEB8-8B4A-11D0-8D11-00A0C91BC942}") = "tutorial02_red_triangle", "tutorial02_red_triangle.vcxproj", "{247657DC-1EB3-3A48-AB3C-EE3E6C9C96B5}"
	ProjectSection(ProjectDependencies) = postProject
		{A0F10621-D220-313B-9136-8F3507F75BF8} = {A0F10621-D220-313B-9136-8F3507F75BF8}
		{2A3B12DB-7F66-3284-B549-7FB84D5722BF} = {2A3B12DB-7F66-3284-B549-7FB84D5722BF}
		{9C541C16-F042-37D6-8F69-BC85B5EB97A7} = {9C541C16-F042-37D6-8F69-BC85B5EB97A7}
	EndProjectSection
EndProject
Project("{8BC9CEB8-8B4A-11D0-8D11-00A0C91BC942}") = "tutorial03_matrices", "tutorial03_matrices.vcxproj", "{BD970263-C7E8-3209-817A-628409DC2957}"
	ProjectSection(ProjectDependencies) = postProject
		{A0F10621-D220-313B-9136-8F3507F75BF8} = {A0F10621-D220-313B-9136-8F3507F75BF8}
		{2A3B12DB-7F66-3284-B549-7FB84D5722BF} = {2A3B12DB-7F66-3284-B549-7FB84D5722BF}
		{9C541C16-F042-37D6-8F69-BC85B5EB97A7} = {9C541C16-F042-37D6-8F69-BC85B5EB97A7}
	EndProjectSection
EndProject
Project("{8BC9CEB8-8B4A-11D0-8D11-00A0C91BC942}") = "tutorial04_colored_cube", "tutorial04_colored_cube.vcxproj", "{9DB27BF0-4D61-3092-B9B9-D811507CBB1F}"
	ProjectSection(ProjectDependencies) = postProject
		{A0F10621-D220-313B-9136-8F3507F75BF8} = {A0F10621-D220-313B-9136-8F3507F75BF8}
		{2A3B12DB-7F66-3284-B549-7FB84D5722BF} = {2A3B12DB-7F66-3284-B549-7FB84D5722BF}
		{9C541C16-F042-37D6-8F69-BC85B5EB97A7} = {9C541C16-F042-37D6-8F69-BC85B5EB97A7}
	EndProjectSection
EndProject
Project("{8BC9CEB8-8B4A-11D0-8D11-00A0C91BC942}") = "tutorial05_textured_cube", "tutorial05_textured_cube.vcxproj", "{000F4F4D-9FC5-3F96-9AA8-E550726AE50B}"
	ProjectSection(ProjectDependencies) = postProject
		{A0F10621-D220-313B-9136-8F3507F75BF8} = {A0F10621-D220-313B-9136-8F3507F75BF8}
		{2A3B12DB-7F66-3284-B549-7FB84D5722BF} = {2A3B12DB-7F66-3284-B549-7FB84D5722BF}
		{9C541C16-F042-37D6-8F69-BC85B5EB97A7} = {9C541C16-F042-37D6-8F69-BC85B5EB97A7}
	EndProjectSection
EndProject
Project("{8BC9CEB8-8B4A-11D0-8D11-00A0C91BC942}") = "tutorial06_keyboard_and_mouse", "tutorial06_keyboard_and_mouse.vcxproj", "{496C5031-00DC-34EB-8D26-8BD045657550}"
	ProjectSection(ProjectDependencies) = postProject
		{A0F10621-D220-313B-9136-8F3507F75BF8} = {A0F10621-D220-313B-9136-8F3507F75BF8}
		{2A3B12DB-7F66-3284-B549-7FB84D5722BF} = {2A3B12DB-7F66-3284-B549-7FB84D5722BF}
		{9C541C16-F042-37D6-8F69-BC85B5EB97A7} = {9C541C16-F042-37D6-8F69-BC85B5EB97A7}
	EndProjectSection
EndProject
Project("{8BC9CEB8-8B4A-11D0-8D11-00A0C91BC942}") = "tutorial07_model_loading", "tutorial07_model_loading.vcxproj", "{543212FC-6EC8-3405-89A1-516CEFC292D2}"
	ProjectSection(ProjectDependencies) = postProject
		{A0F10621-D220-313B-9136-8F3507F75BF8} = {A0F10621-D220-313B-9136-8F3507F75BF8}
		{2A3B12DB-7F66-3284-B549-7FB84D5722BF} = {2A3B12DB-7F66-3284-B549-7FB84D5722BF}
		{9C541C16-F042-37D6-8F69-BC85B5EB97A7} = {9C541C16-F042-37D6-8F69-BC85B5EB97A7}
	EndProjectSection
EndProject
Project("{8BC9CEB8-8B4A-11D0-8D11-00A0C91BC942}") = "tutorial08_basic_shading", "tutorial08_basic_shading.vcxproj", "{7790E553-E2AE-3CDD-87D5-470129435576}"
	ProjectSection(ProjectDependencies) = postProject
		{A0F10621-D220-313B-9136-8F3507F75BF8} = {A0F10621-D220-313B-9136-8F3507F75BF8}
		{2A3B12DB-7F66-3284-B549-7FB84D5722BF} = {2A3B12DB-7F66-3284-B549-7FB84D5722BF}
		{9C541C16-F042-37D6-8F69-BC85B5EB97A7} = {9C541C16-F042-37D6-8F69-BC85B5EB97A7}
	EndProjectSection
EndProject
Project("{8BC9CEB8-8B4A-11D0-8D11-00A0C91BC942}") = "tutorial09_AssImp", "tutorial09_AssImp.vcxproj", "{B71DA919-3658-315B-9D0D-CFB989DA048C}"
	ProjectSection(ProjectDependencies) = postProject
		{A0F10621-D220-313B-9136-8F3507F75BF8} = {A0F10621-D220-313B-9136-8F3507F75BF8}
		{2A3B12DB-7F66-3284-B549-7FB84D5722BF} = {2A3B12DB-7F66-3284-B549-7FB84D5722BF}
		{C293B266-802A-39E4-9E1A-C84EB9BBFBC5} = {C293B266-802A-39E4-9E1A-C84EB9BBFBC5}
		{9C541C16-F042-37D6-8F69-BC85B5EB97A7} = {9C541C16-F042-37D6-8F69-BC85B5EB97A7}
		{C11C694A-DDD9-3763-BC57-49EE27908FE4} = {C11C694A-DDD9-3763-BC57-49EE27908FE4}
	EndProjectSection
EndProject
Project("{8BC9CEB8-8B4A-11D0-8D11-00A0C91BC942}") = "tutorial09_several_objects", "tutorial09_several_objects.vcxproj", "{0BB0AD1F-C060-33C3-BEC8-9189D3C2F357}"
	ProjectSection(ProjectDependencies) = postProject
		{A0F10621-D220-313B-9136-8F3507F75BF8} = {A0F10621-D220-313B-9136-8F3507F75BF8}
		{2A3B12DB-7F66-3284-B549-7FB84D5722BF} = {2A3B12DB-7F66-3284-B549-7FB84D5722BF}
		{9C541C16-F042-37D6-8F69-BC85B5EB97A7} = {9C541C16-F042-37D6-8F69-BC85B5EB97A7}
	EndProjectSection
EndProject
Project("{8BC9CEB8-8B4A-11D0-8D11-00A0C91BC942}") = "tutorial09_vbo_indexing", "tutorial09_vbo_indexing.vcxproj", "{F4EAA8F0-B7A5-3669-B9CA-13A0C48F4910}"
	ProjectSection(ProjectDependencies) = postProject
		{A0F10621-D220-313B-9136-8F3507F75BF8} = {A0F10621-D220-313B-9136-8F3507F75BF8}
		{2A3B12DB-7F66-3284-B549-7FB84D5722BF} = {2A3B12DB-7F66-3284-B549-7FB84D5722BF}
		{9C541C16-F042-37D6-8F69-BC85B5EB97A7} = {9C541C16-F042-37D6-8F69-BC85B5EB97A7}
	EndProjectSection
EndProject
Project("{8BC9CEB8-8B4A-11D0-8D11-00A0C91BC942}") = "tutorial10_transparency", "tutorial10_transparency.vcxproj", "{A66873E0-8453-3681-9BA4-0C19B485FF27}"
	ProjectSection(ProjectDependencies) = postProject
		{A0F10621-D220-313B-9136-8F3507F75BF8} = {A0F10621-D220-313B-9136-8F3507F75BF8}
		{2A3B12DB-7F66-3284-B549-7FB84D5722BF} = {2A3B12DB-7F66-3284-B549-7FB84D5722BF}
		{9C541C16-F042-37D6-8F69-BC85B5EB97A7} = {9C541C16-F042-37D6-8F69-BC85B5EB97A7}
	EndProjectSection
EndProject
Project("{8BC9CEB8-8B4A-11D0-8D11-00A0C91BC942}") = "tutorial11_2d_fonts", "tutorial11_2d_fonts.vcxproj", "{610285CD-EC5D-3632-9A00-3D5F393EC81D}"
	ProjectSection(ProjectDependencies) = postProject
		{A0F10621-D220-313B-9136-8F3507F75BF8} = {A0F10621-D220-313B-9136-8F3507F75BF8}
		{2A3B12DB-7F66-3284-B549-7FB84D5722BF} = {2A3B12DB-7F66-3284-B549-7FB84D5722BF}
		{9C541C16-F042-37D6-8F69-BC85B5EB97A7} = {9C541C16-F042-37D6-8F69-BC85B5EB97A7}
	EndProjectSection
EndProject
Project("{8BC9CEB8-8B4A-11D0-8D11-00A0C91BC942}") = "tutorial12_extensions", "tutorial12_extensions.vcxproj", "{2AE602CD-A9BC-3F70-833D-D39D02875EB9}"
	ProjectSection(ProjectDependencies) = postProject
		{A0F10621-D220-313B-9136-8F3507F75BF8} = {A0F10621-D220-313B-9136-8F3507F75BF8}
		{2A3B12DB-7F66-3284-B549-7FB84D5722BF} = {2A3B12DB-7F66-3284-B549-7FB84D5722BF}
		{9C541C16-F042-37D6-8F69-BC85B5EB97A7} = {9C541C16-F042-37D6-8F69-BC85B5EB97A7}
	EndProjectSection
EndProject
Project("{8BC9CEB8-8B4A-11D0-8D11-00A0C91BC942}") = "tutorial13_normal_mapping", "tutorial13_normal_mapping.vcxproj", "{8D83D66E-E655-307B-A58E-45249AF26C7C}"
	ProjectSection(ProjectDependencies) = postProject
		{A0F10621-D220-313B-9136-8F3507F75BF8} = {A0F10621-D220-313B-9136-8F3507F75BF8}
		{2A3B12DB-7F66-3284-B549-7FB84D5722BF} = {2A3B12DB-7F66-3284-B549-7FB84D5722BF}
		{9C541C16-F042-37D6-8F69-BC85B5EB97A7} = {9C541C16-F042-37D6-8F69-BC85B5EB97A7}
	EndProjectSection
EndProject
Project("{8BC9CEB8-8B4A-11D0-8D11-00A0C91BC942}") = "tutorial14_render_to_texture", "tutorial14_render_to_texture.vcxproj", "{01365AF7-4985-3F94-8941-A4B6BABE12AA}"
	ProjectSection(ProjectDependencies) = postProject
		{A0F10621-D220-313B-9136-8F3507F75BF8} = {A0F10621-D220-313B-9136-8F3507F75BF8}
		{2A3B12DB-7F66-3284-B549-7FB84D5722BF} = {2A3B12DB-7F66-3284-B549-7FB84D5722BF}
		{9C541C16-F042-37D6-8F69-BC85B5EB97A7} = {9C541C16-F042-37D6-8F69-BC85B5EB97A7}
	EndProjectSection
EndProject
Project("{8BC9CEB8-8B4A-11D0-8D11-00A0C91BC942}") = "tutorial15_lightmaps", "tutorial15_lightmaps.vcxproj", "{8908F161-4AC0-3721-B80E-A90375526ABE}"
	ProjectSection(ProjectDependencies) = postProject
		{A0F10621-D220-313B-9136-8F3507F75BF8} = {A0F10621-D220-313B-9136-8F3507F75BF8}
		{2A3B12DB-7F66-3284-B549-7FB84D5722BF} = {2A3B12DB-7F66-3284-B549-7FB84D5722BF}
		{9C541C16-F042-37D6-8F69-BC85B5EB97A7} = {9C541C16-F042-37D6-8F69-BC85B5EB97A7}
	EndProjectSection
EndProject
Project("{8BC9CEB8-8B4A-11D0-8D11-00A0C91BC942}") = "tutorial16_shadowmaps", "tutorial16_shadowmaps.vcxproj", "{EFA1FD7F-13A3-3ECE-93C6-950D048CC863}"
	ProjectSection(ProjectDependencies) = postProject
		{A0F10621-D220-313B-9136-8F3507F75BF8} = {A0F10621-D220-313B-9136-8F3507F75BF8}
		{2A3B12DB-7F66-3284-B549-7FB84D5722BF} = {2A3B12DB-7F66-3284-B549-7FB84D5722BF}
		{9C541C16-F042-37D6-8F69-BC85B5EB97A7} = {9C541C16-F042-37D6-8F69-BC85B5EB97A7}
	EndProjectSection
EndProject
Project("{8BC9CEB8-8B4A-11D0-8D11-00A0C91BC942}") = "tutorial16_shadowmaps_simple", "tutorial16_shadowmaps_simple.vcxproj", "{21E974C7-8D4B-3434-A15A-0F830699B382}"
	ProjectSection(ProjectDependencies) = postProject
		{A0F10621-D220-313B-9136-8F3507F75BF8} = {A0F10621-D220-313B-9136-8F3507F75BF8}
		{2A3B12DB-7F66-3284-B549-7FB84D5722BF} = {2A3B12DB-7F66-3284-B549-7FB84D5722BF}
		{9C541C16-F042-37D6-8F69-BC85B5EB97A7} = {9C541C16-F042-37D6-8F69-BC85B5EB97A7}
	EndProjectSection
EndProject
Project("{8BC9CEB8-8B4A-11D0-8D11-00A0C91BC942}") = "tutorial17_rotations", "tutorial17_rotations.vcxproj", "{E9C8F3DF-1148-375C-BE49-F4CABEE9CF04}"
	ProjectSection(ProjectDependencies) = postProject
		{600F98DE-432D-33BC-A1B3-ED33D884DA74} = {600F98DE-432D-33BC-A1B3-ED33D884DA74}
		{A0F10621-D220-313B-9136-8F3507F75BF8} = {A0F10621-D220-313B-9136-8F3507F75BF8}
		{2A3B12DB-7F66-3284-B549-7FB84D5722BF} = {2A3B12DB-7F66-3284-B549-7FB84D5722BF}
		{9C541C16-F042-37D6-8F69-BC85B5EB97A7} = {9C541C16-F042-37D6-8F69-BC85B5EB97A7}
	EndProjectSection
EndProject
Project("{8BC9CEB8-8B4A-11D0-8D11-00A0C91BC942}") = "tutorial18_billboards", "tutorial18_billboards.vcxproj", "{FCA9EA83-94CF-3E07-BC2D-2B79EDF14EBD}"
	ProjectSection(ProjectDependencies) = postProject
		{A0F10621-D220-313B-9136-8F3507F75BF8} = {A0F10621-D220-313B-9136-8F3507F75BF8}
		{2A3B12DB-7F66-3284-B549-7FB84D5722BF} = {2A3B12DB-7F66-3284-B549-7FB84D5722BF}
		{9C541C16-F042-37D6-8F69-BC85B5EB97A7} = {9C541C16-F042-37D6-8F69-BC85B5EB97A7}
	EndProjectSection
EndProject
Project("{8BC9CEB8-8B4A-11D0-8D11-00A0C91BC942}") = "tutorial18_particles", "tutorial18_particles.vcxproj", "{503085C9-144C-31EA-909F-1BFCFC8A1712}"
	ProjectSection(ProjectDependencies) = postProject
		{A0F10621-D220-313B-9136-8F3507F75BF8} = {A0F10621-D220-313B-9136-8F3507F75BF8}
		{2A3B12DB-7F66-3284-B549-7FB84D5722BF} = {2A3B12DB-7F66-3284-B549-7FB84D5722BF}
		{9C541C16-F042-37D6-8F69-BC85B5EB97A7} = {9C541C16-F042-37D6-8F69-BC85B5EB97A7}
	EndProjectSection
EndProject
Project("{8BC9CEB8-8B4A-11D0-8D11-00A0C91BC942}") = "uninstall", "external\glfw-3.1.2\uninstall.vcxproj", "{0C9394DB-A7DA-37F9-B81B-C7C465461724}"
	ProjectSection(ProjectDependencies) = postProject
		{2A3B12DB-7F66-3284-B549-7FB84D5722BF} = {2A3B12DB-7F66-3284-B549-7FB84D5722BF}
	EndProjectSection
EndProject
Project("{8BC9CEB8-8B4A-11D0-8D11-00A0C91BC942}") = "wave", "external\glfw-3.1.2\examples\wave.vcxproj", "{D59410F6-DEA7-3F54-A6D0-088ECEF094CD}"
	ProjectSection(ProjectDependencies) = postProject
		{2A3B12DB-7F66-3284-B549-7FB84D5722BF} = {2A3B12DB-7F66-3284-B549-7FB84D5722BF}
		{9C541C16-F042-37D6-8F69-BC85B5EB97A7} = {9C541C16-F042-37D6-8F69-BC85B5EB97A7}
	EndProjectSection
EndProject
Project("{8BC9CEB8-8B4A-11D0-8D11-00A0C91BC942}") = "windows", "external\glfw-3.1.2\tests\windows.vcxproj", "{92EAA5A8-46E0-3660-8CE0-7E903B0CAA21}"
	ProjectSection(ProjectDependencies) = postProject
		{2A3B12DB-7F66-3284-B549-7FB84D5722BF} = {2A3B12DB-7F66-3284-B549-7FB84D5722BF}
		{9C541C16-F042-37D6-8F69-BC85B5EB97A7} = {9C541C16-F042-37D6-8F69-BC85B5EB97A7}
	EndProjectSection
EndProject
Project("{8BC9CEB8-8B4A-11D0-8D11-00A0C91BC942}") = "zlib", "external\assimp-3.0.1270\contrib\zlib\zlib.vcxproj", "{C11C694A-DDD9-3763-BC57-49EE27908FE4}"
	ProjectSection(ProjectDependencies) = postProject
		{2A3B12DB-7F66-3284-B549-7FB84D5722BF} = {2A3B12DB-7F66-3284-B549-7FB84D5722BF}
	EndProjectSection
EndProject
Global
	GlobalSection(SolutionConfigurationPlatforms) = preSolution
		Debug|Win32 = Debug|Win32
		Release|Win32 = Release|Win32
		MinSizeRel|Win32 = MinSizeRel|Win32
		RelWithDebInfo|Win32 = RelWithDebInfo|Win32
	EndGlobalSection
	GlobalSection(ProjectConfigurationPlatforms) = postSolution
		{6D35F234-316C-3F2C-B72B-D14630621D5F}.Debug|Win32.ActiveCfg = Debug|Win32
		{6D35F234-316C-3F2C-B72B-D14630621D5F}.Debug|Win32.Build.0 = Debug|Win32
		{6D35F234-316C-3F2C-B72B-D14630621D5F}.Release|Win32.ActiveCfg = Release|Win32
		{6D35F234-316C-3F2C-B72B-D14630621D5F}.Release|Win32.Build.0 = Release|Win32
		{6D35F234-316C-3F2C-B72B-D14630621D5F}.MinSizeRel|Win32.ActiveCfg = MinSizeRel|Win32
		{6D35F234-316C-3F2C-B72B-D14630621D5F}.MinSizeRel|Win32.Build.0 = MinSizeRel|Win32
		{6D35F234-316C-3F2C-B72B-D14630621D5F}.RelWithDebInfo|Win32.ActiveCfg = RelWithDebInfo|Win32
		{6D35F234-316C-3F2C-B72B-D14630621D5F}.RelWithDebInfo|Win32.Build.0 = RelWithDebInfo|Win32
		{600F98DE-432D-33BC-A1B3-ED33D884DA74}.Debug|Win32.ActiveCfg = Debug|Win32
		{600F98DE-432D-33BC-A1B3-ED33D884DA74}.Debug|Win32.Build.0 = Debug|Win32
		{600F98DE-432D-33BC-A1B3-ED33D884DA74}.Release|Win32.ActiveCfg = Release|Win32
		{600F98DE-432D-33BC-A1B3-ED33D884DA74}.Release|Win32.Build.0 = Release|Win32
		{600F98DE-432D-33BC-A1B3-ED33D884DA74}.MinSizeRel|Win32.ActiveCfg = MinSizeRel|Win32
		{600F98DE-432D-33BC-A1B3-ED33D884DA74}.MinSizeRel|Win32.Build.0 = MinSizeRel|Win32
		{600F98DE-432D-33BC-A1B3-ED33D884DA74}.RelWithDebInfo|Win32.ActiveCfg = RelWithDebInfo|Win32
		{600F98DE-432D-33BC-A1B3-ED33D884DA74}.RelWithDebInfo|Win32.Build.0 = RelWithDebInfo|Win32
		{B73A776B-52E0-34AD-AEDD-63663C1E4D0B}.Debug|Win32.ActiveCfg = Debug|Win32
		{B73A776B-52E0-34AD-AEDD-63663C1E4D0B}.Debug|Win32.Build.0 = Debug|Win32
		{B73A776B-52E0-34AD-AEDD-63663C1E4D0B}.Release|Win32.ActiveCfg = Release|Win32
		{B73A776B-52E0-34AD-AEDD-63663C1E4D0B}.Release|Win32.Build.0 = Release|Win32
		{B73A776B-52E0-34AD-AEDD-63663C1E4D0B}.MinSizeRel|Win32.ActiveCfg = MinSizeRel|Win32
		{B73A776B-52E0-34AD-AEDD-63663C1E4D0B}.MinSizeRel|Win32.Build.0 = MinSizeRel|Win32
		{B73A776B-52E0-34AD-AEDD-63663C1E4D0B}.RelWithDebInfo|Win32.ActiveCfg = RelWithDebInfo|Win32
		{B73A776B-52E0-34AD-AEDD-63663C1E4D0B}.RelWithDebInfo|Win32.Build.0 = RelWithDebInfo|Win32
		{11927E02-90A4-33B3-B212-4D6F731540B1}.Debug|Win32.ActiveCfg = Debug|Win32
		{11927E02-90A4-33B3-B212-4D6F731540B1}.Debug|Win32.Build.0 = Debug|Win32
		{11927E02-90A4-33B3-B212-4D6F731540B1}.Release|Win32.ActiveCfg = Release|Win32
		{11927E02-90A4-33B3-B212-4D6F731540B1}.Release|Win32.Build.0 = Release|Win32
		{11927E02-90A4-33B3-B212-4D6F731540B1}.MinSizeRel|Win32.ActiveCfg = MinSizeRel|Win32
		{11927E02-90A4-33B3-B212-4D6F731540B1}.MinSizeRel|Win32.Build.0 = MinSizeRel|Win32
		{11927E02-90A4-33B3-B212-4D6F731540B1}.RelWithDebInfo|Win32.ActiveCfg = RelWithDebInfo|Win32
		{11927E02-90A4-33B3-B212-4D6F731540B1}.RelWithDebInfo|Win32.Build.0 = RelWithDebInfo|Win32
		{1AFB7EF8-B294-3638-93A8-355DABE2F1EF}.Debug|Win32.ActiveCfg = Debug|Win32
		{1AFB7EF8-B294-3638-93A8-355DABE2F1EF}.Debug|Win32.Build.0 = Debug|Win32
		{1AFB7EF8-B294-3638-93A8-355DABE2F1EF}.Release|Win32.ActiveCfg = Release|Win32
		{1AFB7EF8-B294-3638-93A8-355DABE2F1EF}.Release|Win32.Build.0 = Release|Win32
		{1AFB7EF8-B294-3638-93A8-355DABE2F1EF}.MinSizeRel|Win32.ActiveCfg = MinSizeRel|Win32
		{1AFB7EF8-B294-3638-93A8-355DABE2F1EF}.MinSizeRel|Win32.Build.0 = MinSizeRel|Win32
		{1AFB7EF8-B294-3638-93A8-355DABE2F1EF}.RelWithDebInfo|Win32.ActiveCfg = RelWithDebInfo|Win32
		{1AFB7EF8-B294-3638-93A8-355DABE2F1EF}.RelWithDebInfo|Win32.Build.0 = RelWithDebInfo|Win32
		{A0F10621-D220-313B-9136-8F3507F75BF8}.Debug|Win32.ActiveCfg = Debug|Win32
		{A0F10621-D220-313B-9136-8F3507F75BF8}.Debug|Win32.Build.0 = Debug|Win32
		{A0F10621-D220-313B-9136-8F3507F75BF8}.Release|Win32.ActiveCfg = Release|Win32
		{A0F10621-D220-313B-9136-8F3507F75BF8}.Release|Win32.Build.0 = Release|Win32
		{A0F10621-D220-313B-9136-8F3507F75BF8}.MinSizeRel|Win32.ActiveCfg = MinSizeRel|Win32
		{A0F10621-D220-313B-9136-8F3507F75BF8}.MinSizeRel|Win32.Build.0 = MinSizeRel|Win32
		{A0F10621-D220-313B-9136-8F3507F75BF8}.RelWithDebInfo|Win32.ActiveCfg = RelWithDebInfo|Win32
		{A0F10621-D220-313B-9136-8F3507F75BF8}.RelWithDebInfo|Win32.Build.0 = RelWithDebInfo|Win32
		{49AF805E-F9ED-34CE-9FE9-DEEA097F35CD}.Debug|Win32.ActiveCfg = Debug|Win32
		{49AF805E-F9ED-34CE-9FE9-DEEA097F35CD}.Release|Win32.ActiveCfg = Release|Win32
		{49AF805E-F9ED-34CE-9FE9-DEEA097F35CD}.MinSizeRel|Win32.ActiveCfg = MinSizeRel|Win32
		{49AF805E-F9ED-34CE-9FE9-DEEA097F35CD}.RelWithDebInfo|Win32.ActiveCfg = RelWithDebInfo|Win32
		{83E13DBA-45B1-36CE-AF35-756872CDCE81}.Debug|Win32.ActiveCfg = Debug|Win32
		{83E13DBA-45B1-36CE-AF35-756872CDCE81}.Debug|Win32.Build.0 = Debug|Win32
		{83E13DBA-45B1-36CE-AF35-756872CDCE81}.Release|Win32.ActiveCfg = Release|Win32
		{83E13DBA-45B1-36CE-AF35-756872CDCE81}.Release|Win32.Build.0 = Release|Win32
		{83E13DBA-45B1-36CE-AF35-756872CDCE81}.MinSizeRel|Win32.ActiveCfg = MinSizeRel|Win32
		{83E13DBA-45B1-36CE-AF35-756872CDCE81}.MinSizeRel|Win32.Build.0 = MinSizeRel|Win32
		{83E13DBA-45B1-36CE-AF35-756872CDCE81}.RelWithDebInfo|Win32.ActiveCfg = RelWithDebInfo|Win32
		{83E13DBA-45B1-36CE-AF35-756872CDCE81}.RelWithDebInfo|Win32.Build.0 = RelWithDebInfo|Win32
		{2A3B12DB-7F66-3284-B549-7FB84D5722BF}.Debug|Win32.ActiveCfg = Debug|Win32
		{2A3B12DB-7F66-3284-B549-7FB84D5722BF}.Debug|Win32.Build.0 = Debug|Win32
		{2A3B12DB-7F66-3284-B549-7FB84D5722BF}.Release|Win32.ActiveCfg = Release|Win32
		{2A3B12DB-7F66-3284-B549-7FB84D5722BF}.Release|Win32.Build.0 = Release|Win32
		{2A3B12DB-7F66-3284-B549-7FB84D5722BF}.MinSizeRel|Win32.ActiveCfg = MinSizeRel|Win32
		{2A3B12DB-7F66-3284-B549-7FB84D5722BF}.MinSizeRel|Win32.Build.0 = MinSizeRel|Win32
		{2A3B12DB-7F66-3284-B549-7FB84D5722BF}.RelWithDebInfo|Win32.ActiveCfg = RelWithDebInfo|Win32
		{2A3B12DB-7F66-3284-B549-7FB84D5722BF}.RelWithDebInfo|Win32.Build.0 = RelWithDebInfo|Win32
		{C293B266-802A-39E4-9E1A-C84EB9BBFBC5}.Debug|Win32.ActiveCfg = Debug|Win32
		{C293B266-802A-39E4-9E1A-C84EB9BBFBC5}.Debug|Win32.Build.0 = Debug|Win32
		{C293B266-802A-39E4-9E1A-C84EB9BBFBC5}.Release|Win32.ActiveCfg = Release|Win32
		{C293B266-802A-39E4-9E1A-C84EB9BBFBC5}.Release|Win32.Build.0 = Release|Win32
		{C293B266-802A-39E4-9E1A-C84EB9BBFBC5}.MinSizeRel|Win32.ActiveCfg = MinSizeRel|Win32
		{C293B266-802A-39E4-9E1A-C84EB9BBFBC5}.MinSizeRel|Win32.Build.0 = MinSizeRel|Win32
		{C293B266-802A-39E4-9E1A-C84EB9BBFBC5}.RelWithDebInfo|Win32.ActiveCfg = RelWithDebInfo|Win32
		{C293B266-802A-39E4-9E1A-C84EB9BBFBC5}.RelWithDebInfo|Win32.Build.0 = RelWithDebInfo|Win32
		{0CF73325-407F-348B-B479-6115084032A7}.Debug|Win32.ActiveCfg = Debug|Win32
		{0CF73325-407F-348B-B479-6115084032A7}.Debug|Win32.Build.0 = Debug|Win32
		{0CF73325-407F-348B-B479-6115084032A7}.Release|Win32.ActiveCfg = Release|Win32
		{0CF73325-407F-348B-B479-6115084032A7}.Release|Win32.Build.0 = Release|Win32
		{0CF73325-407F-348B-B479-6115084032A7}.MinSizeRel|Win32.ActiveCfg = MinSizeRel|Win32
		{0CF73325-407F-348B-B479-6115084032A7}.MinSizeRel|Win32.Build.0 = MinSizeRel|Win32
		{0CF73325-407F-348B-B479-6115084032A7}.RelWithDebInfo|Win32.ActiveCfg = RelWithDebInfo|Win32
		{0CF73325-407F-348B-B479-6115084032A7}.RelWithDebInfo|Win32.Build.0 = RelWithDebInfo|Win32
		{285FE1D1-0944-34A8-B3E1-CDE32A6CFB89}.Debug|Win32.ActiveCfg = Debug|Win32
		{285FE1D1-0944-34A8-B3E1-CDE32A6CFB89}.Debug|Win32.Build.0 = Debug|Win32
		{285FE1D1-0944-34A8-B3E1-CDE32A6CFB89}.Release|Win32.ActiveCfg = Release|Win32
		{285FE1D1-0944-34A8-B3E1-CDE32A6CFB89}.Release|Win32.Build.0 = Release|Win32
		{285FE1D1-0944-34A8-B3E1-CDE32A6CFB89}.MinSizeRel|Win32.ActiveCfg = MinSizeRel|Win32
		{285FE1D1-0944-34A8-B3E1-CDE32A6CFB89}.MinSizeRel|Win32.Build.0 = MinSizeRel|Win32
		{285FE1D1-0944-34A8-B3E1-CDE32A6CFB89}.RelWithDebInfo|Win32.ActiveCfg = RelWithDebInfo|Win32
		{285FE1D1-0944-34A8-B3E1-CDE32A6CFB89}.RelWithDebInfo|Win32.Build.0 = RelWithDebInfo|Win32
		{56D08D25-2720-3968-9462-10BC3F020C70}.Debug|Win32.ActiveCfg = Debug|Win32
		{56D08D25-2720-3968-9462-10BC3F020C70}.Debug|Win32.Build.0 = Debug|Win32
		{56D08D25-2720-3968-9462-10BC3F020C70}.Release|Win32.ActiveCfg = Release|Win32
		{56D08D25-2720-3968-9462-10BC3F020C70}.Release|Win32.Build.0 = Release|Win32
		{56D08D25-2720-3968-9462-10BC3F020C70}.MinSizeRel|Win32.ActiveCfg = MinSizeRel|Win32
		{56D08D25-2720-3968-9462-10BC3F020C70}.MinSizeRel|Win32.Build.0 = MinSizeRel|Win32
		{56D08D25-2720-3968-9462-10BC3F020C70}.RelWithDebInfo|Win32.ActiveCfg = RelWithDebInfo|Win32
		{56D08D25-2720-3968-9462-10BC3F020C70}.RelWithDebInfo|Win32.Build.0 = RelWithDebInfo|Win32
		{5C2623C4-7440-3AD1-A0EE-C4A76FCCF7C8}.Debug|Win32.ActiveCfg = Debug|Win32
		{5C2623C4-7440-3AD1-A0EE-C4A76FCCF7C8}.Debug|Win32.Build.0 = Debug|Win32
		{5C2623C4-7440-3AD1-A0EE-C4A76FCCF7C8}.Release|Win32.ActiveCfg = Release|Win32
		{5C2623C4-7440-3AD1-A0EE-C4A76FCCF7C8}.Release|Win32.Build.0 = Release|Win32
		{5C2623C4-7440-3AD1-A0EE-C4A76FCCF7C8}.MinSizeRel|Win32.ActiveCfg = MinSizeRel|Win32
		{5C2623C4-7440-3AD1-A0EE-C4A76FCCF7C8}.MinSizeRel|Win32.Build.0 = MinSizeRel|Win32
		{5C2623C4-7440-3AD1-A0EE-C4A76FCCF7C8}.RelWithDebInfo|Win32.ActiveCfg = RelWithDebInfo|Win32
		{5C2623C4-7440-3AD1-A0EE-C4A76FCCF7C8}.RelWithDebInfo|Win32.Build.0 = RelWithDebInfo|Win32
		{4A85A685-A1FC-3EA1-A7CA-94C7AC55BB95}.Debug|Win32.ActiveCfg = Debug|Win32
		{4A85A685-A1FC-3EA1-A7CA-94C7AC55BB95}.Debug|Win32.Build.0 = Debug|Win32
		{4A85A685-A1FC-3EA1-A7CA-94C7AC55BB95}.Release|Win32.ActiveCfg = Release|Win32
		{4A85A685-A1FC-3EA1-A7CA-94C7AC55BB95}.Release|Win32.Build.0 = Release|Win32
		{4A85A685-A1FC-3EA1-A7CA-94C7AC55BB95}.MinSizeRel|Win32.ActiveCfg = MinSizeRel|Win32
		{4A85A685-A1FC-3EA1-A7CA-94C7AC55BB95}.MinSizeRel|Win32.Build.0 = MinSizeRel|Win32
		{4A85A685-A1FC-3EA1-A7CA-94C7AC55BB95}.RelWithDebInfo|Win32.ActiveCfg = RelWithDebInfo|Win32
		{4A85A685-A1FC-3EA1-A7CA-94C7AC55BB95}.RelWithDebInfo|Win32.Build.0 = RelWithDebInfo|Win32
		{73ADF80F-2E1E-343A-AEA4-E061AC7F4E52}.Debug|Win32.ActiveCfg = Debug|Win32
		{73ADF80F-2E1E-343A-AEA4-E061AC7F4E52}.Debug|Win32.Build.0 = Debug|Win32
		{73ADF80F-2E1E-343A-AEA4-E061AC7F4E52}.Release|Win32.ActiveCfg = Release|Win32
		{73ADF80F-2E1E-343A-AEA4-E061AC7F4E52}.Release|Win32.Build.0 = Release|Win32
		{73ADF80F-2E1E-343A-AEA4-E061AC7F4E52}.MinSizeRel|Win32.ActiveCfg = MinSizeRel|Win32
		{73ADF80F-2E1E-343A-AEA4-E061AC7F4E52}.MinSizeRel|Win32.Build.0 = MinSizeRel|Win32
		{73ADF80F-2E1E-343A-AEA4-E061AC7F4E52}.RelWithDebInfo|Win32.ActiveCfg = RelWithDebInfo|Win32
		{73ADF80F-2E1E-343A-AEA4-E061AC7F4E52}.RelWithDebInfo|Win32.Build.0 = RelWithDebInfo|Win32
		{E34AEBCD-2F2C-32FB-87EC-61FA55D4D09C}.Debug|Win32.ActiveCfg = Debug|Win32
		{E34AEBCD-2F2C-32FB-87EC-61FA55D4D09C}.Debug|Win32.Build.0 = Debug|Win32
		{E34AEBCD-2F2C-32FB-87EC-61FA55D4D09C}.Release|Win32.ActiveCfg = Release|Win32
		{E34AEBCD-2F2C-32FB-87EC-61FA55D4D09C}.Release|Win32.Build.0 = Release|Win32
		{E34AEBCD-2F2C-32FB-87EC-61FA55D4D09C}.MinSizeRel|Win32.ActiveCfg = MinSizeRel|Win32
		{E34AEBCD-2F2C-32FB-87EC-61FA55D4D09C}.MinSizeRel|Win32.Build.0 = MinSizeRel|Win32
		{E34AEBCD-2F2C-32FB-87EC-61FA55D4D09C}.RelWithDebInfo|Win32.ActiveCfg = RelWithDebInfo|Win32
		{E34AEBCD-2F2C-32FB-87EC-61FA55D4D09C}.RelWithDebInfo|Win32.Build.0 = RelWithDebInfo|Win32
		{9C541C16-F042-37D6-8F69-BC85B5EB97A7}.Debug|Win32.ActiveCfg = Debug|Win32
		{9C541C16-F042-37D6-8F69-BC85B5EB97A7}.Debug|Win32.Build.0 = Debug|Win32
		{9C541C16-F042-37D6-8F69-BC85B5EB97A7}.Release|Win32.ActiveCfg = Release|Win32
		{9C541C16-F042-37D6-8F69-BC85B5EB97A7}.Release|Win32.Build.0 = Release|Win32
		{9C541C16-F042-37D6-8F69-BC85B5EB97A7}.MinSizeRel|Win32.ActiveCfg = MinSizeRel|Win32
		{9C541C16-F042-37D6-8F69-BC85B5EB97A7}.MinSizeRel|Win32.Build.0 = MinSizeRel|Win32
		{9C541C16-F042-37D6-8F69-BC85B5EB97A7}.RelWithDebInfo|Win32.ActiveCfg = RelWithDebInfo|Win32
		{9C541C16-F042-37D6-8F69-BC85B5EB97A7}.RelWithDebInfo|Win32.Build.0 = RelWithDebInfo|Win32
		{7EA7C8F9-4ECA-348D-A565-9E7C4E1CD2EE}.Debug|Win32.ActiveCfg = Debug|Win32
		{7EA7C8F9-4ECA-348D-A565-9E7C4E1CD2EE}.Debug|Win32.Build.0 = Debug|Win32
		{7EA7C8F9-4ECA-348D-A565-9E7C4E1CD2EE}.Release|Win32.ActiveCfg = Release|Win32
		{7EA7C8F9-4ECA-348D-A565-9E7C4E1CD2EE}.Release|Win32.Build.0 = Release|Win32
		{7EA7C8F9-4ECA-348D-A565-9E7C4E1CD2EE}.MinSizeRel|Win32.ActiveCfg = MinSizeRel|Win32
		{7EA7C8F9-4ECA-348D-A565-9E7C4E1CD2EE}.MinSizeRel|Win32.Build.0 = MinSizeRel|Win32
		{7EA7C8F9-4ECA-348D-A565-9E7C4E1CD2EE}.RelWithDebInfo|Win32.ActiveCfg = RelWithDebInfo|Win32
		{7EA7C8F9-4ECA-348D-A565-9E7C4E1CD2EE}.RelWithDebInfo|Win32.Build.0 = RelWithDebInfo|Win32
		{B71E7F6F-2B5B-326B-A58C-87CDCA7E8F18}.Debug|Win32.ActiveCfg = Debug|Win32
		{B71E7F6F-2B5B-326B-A58C-87CDCA7E8F18}.Debug|Win32.Build.0 = Debug|Win32
		{B71E7F6F-2B5B-326B-A58C-87CDCA7E8F18}.Release|Win32.ActiveCfg = Release|Win32
		{B71E7F6F-2B5B-326B-A58C-87CDCA7E8F18}.Release|Win32.Build.0 = Release|Win32
		{B71E7F6F-2B5B-326B-A58C-87CDCA7E8F18}.MinSizeRel|Win32.ActiveCfg = MinSizeRel|Win32
		{B71E7F6F-2B5B-326B-A58C-87CDCA7E8F18}.MinSizeRel|Win32.Build.0 = MinSizeRel|Win32
		{B71E7F6F-2B5B-326B-A58C-87CDCA7E8F18}.RelWithDebInfo|Win32.ActiveCfg = RelWithDebInfo|Win32
		{B71E7F6F-2B5B-326B-A58C-87CDCA7E8F18}.RelWithDebInfo|Win32.Build.0 = RelWithDebInfo|Win32
		{A8BE99AC-6555-37B6-B56A-200CA5152A89}.Debug|Win32.ActiveCfg = Debug|Win32
		{A8BE99AC-6555-37B6-B56A-200CA5152A89}.Debug|Win32.Build.0 = Debug|Win32
		{A8BE99AC-6555-37B6-B56A-200CA5152A89}.Release|Win32.ActiveCfg = Release|Win32
		{A8BE99AC-6555-37B6-B56A-200CA5152A89}.Release|Win32.Build.0 = Release|Win32
		{A8BE99AC-6555-37B6-B56A-200CA5152A89}.MinSizeRel|Win32.ActiveCfg = MinSizeRel|Win32
		{A8BE99AC-6555-37B6-B56A-200CA5152A89}.MinSizeRel|Win32.Build.0 = MinSizeRel|Win32
		{A8BE99AC-6555-37B6-B56A-200CA5152A89}.RelWithDebInfo|Win32.ActiveCfg = RelWithDebInfo|Win32
		{A8BE99AC-6555-37B6-B56A-200CA5152A89}.RelWithDebInfo|Win32.Build.0 = RelWithDebInfo|Win32
		{99B7913C-256F-3C27-B892-36B87A946412}.Debug|Win32.ActiveCfg = Debug|Win32
		{99B7913C-256F-3C27-B892-36B87A946412}.Debug|Win32.Build.0 = Debug|Win32
		{99B7913C-256F-3C27-B892-36B87A946412}.Release|Win32.ActiveCfg = Release|Win32
		{99B7913C-256F-3C27-B892-36B87A946412}.Release|Win32.Build.0 = Release|Win32
		{99B7913C-256F-3C27-B892-36B87A946412}.MinSizeRel|Win32.ActiveCfg = MinSizeRel|Win32
		{99B7913C-256F-3C27-B892-36B87A946412}.MinSizeRel|Win32.Build.0 = MinSizeRel|Win32
		{99B7913C-256F-3C27-B892-36B87A946412}.RelWithDebInfo|Win32.ActiveCfg = RelWithDebInfo|Win32
		{99B7913C-256F-3C27-B892-36B87A946412}.RelWithDebInfo|Win32.Build.0 = RelWithDebInfo|Win32
		{68A85428-0FD9-3977-8A98-6E871BF8B12C}.Debug|Win32.ActiveCfg = Debug|Win32
		{68A85428-0FD9-3977-8A98-6E871BF8B12C}.Debug|Win32.Build.0 = Debug|Win32
		{68A85428-0FD9-3977-8A98-6E871BF8B12C}.Release|Win32.ActiveCfg = Release|Win32
		{68A85428-0FD9-3977-8A98-6E871BF8B12C}.Release|Win32.Build.0 = Release|Win32
		{68A85428-0FD9-3977-8A98-6E871BF8B12C}.MinSizeRel|Win32.ActiveCfg = MinSizeRel|Win32
		{68A85428-0FD9-3977-8A98-6E871BF8B12C}.MinSizeRel|Win32.Build.0 = MinSizeRel|Win32
		{68A85428-0FD9-3977-8A98-6E871BF8B12C}.RelWithDebInfo|Win32.ActiveCfg = RelWithDebInfo|Win32
		{68A85428-0FD9-3977-8A98-6E871BF8B12C}.RelWithDebInfo|Win32.Build.0 = RelWithDebInfo|Win32
		{AE5A4B0D-F22B-3A01-9448-447D0A2FA33E}.Debug|Win32.ActiveCfg = Debug|Win32
		{AE5A4B0D-F22B-3A01-9448-447D0A2FA33E}.Debug|Win32.Build.0 = Debug|Win32
		{AE5A4B0D-F22B-3A01-9448-447D0A2FA33E}.Release|Win32.ActiveCfg = Release|Win32
		{AE5A4B0D-F22B-3A01-9448-447D0A2FA33E}.Release|Win32.Build.0 = Release|Win32
		{AE5A4B0D-F22B-3A01-9448-447D0A2FA33E}.MinSizeRel|Win32.ActiveCfg = MinSizeRel|Win32
		{AE5A4B0D-F22B-3A01-9448-447D0A2FA33E}.MinSizeRel|Win32.Build.0 = MinSizeRel|Win32
		{AE5A4B0D-F22B-3A01-9448-447D0A2FA33E}.RelWithDebInfo|Win32.ActiveCfg = RelWithDebInfo|Win32
		{AE5A4B0D-F22B-3A01-9448-447D0A2FA33E}.RelWithDebInfo|Win32.Build.0 = RelWithDebInfo|Win32
		{0274BD60-2669-31CE-A575-A4DBDB3783AD}.Debug|Win32.ActiveCfg = Debug|Win32
		{0274BD60-2669-31CE-A575-A4DBDB3783AD}.Debug|Win32.Build.0 = Debug|Win32
		{0274BD60-2669-31CE-A575-A4DBDB3783AD}.Release|Win32.ActiveCfg = Release|Win32
		{0274BD60-2669-31CE-A575-A4DBDB3783AD}.Release|Win32.Build.0 = Release|Win32
		{0274BD60-2669-31CE-A575-A4DBDB3783AD}.MinSizeRel|Win32.ActiveCfg = MinSizeRel|Win32
		{0274BD60-2669-31CE-A575-A4DBDB3783AD}.MinSizeRel|Win32.Build.0 = MinSizeRel|Win32
		{0274BD60-2669-31CE-A575-A4DBDB3783AD}.RelWithDebInfo|Win32.ActiveCfg = RelWithDebInfo|Win32
		{0274BD60-2669-31CE-A575-A4DBDB3783AD}.RelWithDebInfo|Win32.Build.0 = RelWithDebInfo|Win32
		{355C0BA1-7654-387A-BCC1-E38B6911382D}.Debug|Win32.ActiveCfg = Debug|Win32
		{355C0BA1-7654-387A-BCC1-E38B6911382D}.Debug|Win32.Build.0 = Debug|Win32
		{355C0BA1-7654-387A-BCC1-E38B6911382D}.Release|Win32.ActiveCfg = Release|Win32
		{355C0BA1-7654-387A-BCC1-E38B6911382D}.Release|Win32.Build.0 = Release|Win32
		{355C0BA1-7654-387A-BCC1-E38B6911382D}.MinSizeRel|Win32.ActiveCfg = MinSizeRel|Win32
		{355C0BA1-7654-387A-BCC1-E38B6911382D}.MinSizeRel|Win32.Build.0 = MinSizeRel|Win32
		{355C0BA1-7654-387A-BCC1-E38B6911382D}.RelWithDebInfo|Win32.ActiveCfg = RelWithDebInfo|Win32
		{355C0BA1-7654-387A-BCC1-E38B6911382D}.RelWithDebInfo|Win32.Build.0 = RelWithDebInfo|Win32
		{5E6CA375-E1BB-35B9-85F4-2C2CF9275951}.Debug|Win32.ActiveCfg = Debug|Win32
		{5E6CA375-E1BB-35B9-85F4-2C2CF9275951}.Debug|Win32.Build.0 = Debug|Win32
		{5E6CA375-E1BB-35B9-85F4-2C2CF9275951}.Release|Win32.ActiveCfg = Release|Win32
		{5E6CA375-E1BB-35B9-85F4-2C2CF9275951}.Release|Win32.Build.0 = Release|Win32
		{5E6CA375-E1BB-35B9-85F4-2C2CF9275951}.MinSizeRel|Win32.ActiveCfg = MinSizeRel|Win32
		{5E6CA375-E1BB-35B9-85F4-2C2CF9275951}.MinSizeRel|Win32.Build.0 = MinSizeRel|Win32
		{5E6CA375-E1BB-35B9-85F4-2C2CF9275951}.RelWithDebInfo|Win32.ActiveCfg = RelWithDebInfo|Win32
		{5E6CA375-E1BB-35B9-85F4-2C2CF9275951}.RelWithDebInfo|Win32.Build.0 = RelWithDebInfo|Win32
		{84E12B28-FBB6-374F-AAF2-897CE6AB3D62}.Debug|Win32.ActiveCfg = Debug|Win32
		{84E12B28-FBB6-374F-AAF2-897CE6AB3D62}.Debug|Win32.Build.0 = Debug|Win32
		{84E12B28-FBB6-374F-AAF2-897CE6AB3D62}.Release|Win32.ActiveCfg = Release|Win32
		{84E12B28-FBB6-374F-AAF2-897CE6AB3D62}.Release|Win32.Build.0 = Release|Win32
		{84E12B28-FBB6-374F-AAF2-897CE6AB3D62}.MinSizeRel|Win32.ActiveCfg = MinSizeRel|Win32
		{84E12B28-FBB6-374F-AAF2-897CE6AB3D62}.MinSizeRel|Win32.Build.0 = MinSizeRel|Win32
		{84E12B28-FBB6-374F-AAF2-897CE6AB3D62}.RelWithDebInfo|Win32.ActiveCfg = RelWithDebInfo|Win32
		{84E12B28-FBB6-374F-AAF2-897CE6AB3D62}.RelWithDebInfo|Win32.Build.0 = RelWithDebInfo|Win32
		{ADE4F631-5128-3AF1-9AC7-C8C26C9A59CE}.Debug|Win32.ActiveCfg = Debug|Win32
		{ADE4F631-5128-3AF1-9AC7-C8C26C9A59CE}.Debug|Win32.Build.0 = Debug|Win32
		{ADE4F631-5128-3AF1-9AC7-C8C26C9A59CE}.Release|Win32.ActiveCfg = Release|Win32
		{ADE4F631-5128-3AF1-9AC7-C8C26C9A59CE}.Release|Win32.Build.0 = Release|Win32
		{ADE4F631-5128-3AF1-9AC7-C8C26C9A59CE}.MinSizeRel|Win32.ActiveCfg = MinSizeRel|Win32
		{ADE4F631-5128-3AF1-9AC7-C8C26C9A59CE}.MinSizeRel|Win32.Build.0 = MinSizeRel|Win32
		{ADE4F631-5128-3AF1-9AC7-C8C26C9A59CE}.RelWithDebInfo|Win32.ActiveCfg = RelWithDebInfo|Win32
		{ADE4F631-5128-3AF1-9AC7-C8C26C9A59CE}.RelWithDebInfo|Win32.Build.0 = RelWithDebInfo|Win32
		{A27A345D-BED0-327D-85A5-91F0403D0DE9}.Debug|Win32.ActiveCfg = Debug|Win32
		{A27A345D-BED0-327D-85A5-91F0403D0DE9}.Debug|Win32.Build.0 = Debug|Win32
		{A27A345D-BED0-327D-85A5-91F0403D0DE9}.Release|Win32.ActiveCfg = Release|Win32
		{A27A345D-BED0-327D-85A5-91F0403D0DE9}.Release|Win32.Build.0 = Release|Win32
		{A27A345D-BED0-327D-85A5-91F0403D0DE9}.MinSizeRel|Win32.ActiveCfg = MinSizeRel|Win32
		{A27A345D-BED0-327D-85A5-91F0403D0DE9}.MinSizeRel|Win32.Build.0 = MinSizeRel|Win32
		{A27A345D-BED0-327D-85A5-91F0403D0DE9}.RelWithDebInfo|Win32.ActiveCfg = RelWithDebInfo|Win32
		{A27A345D-BED0-327D-85A5-91F0403D0DE9}.RelWithDebInfo|Win32.Build.0 = RelWithDebInfo|Win32
		{55B2651D-6ADB-3B5A-9D31-75F03C3F5BC6}.Debug|Win32.ActiveCfg = Debug|Win32
		{55B2651D-6ADB-3B5A-9D31-75F03C3F5BC6}.Debug|Win32.Build.0 = Debug|Win32
		{55B2651D-6ADB-3B5A-9D31-75F03C3F5BC6}.Release|Win32.ActiveCfg = Release|Win32
		{55B2651D-6ADB-3B5A-9D31-75F03C3F5BC6}.Release|Win32.Build.0 = Release|Win32
		{55B2651D-6ADB-3B5A-9D31-75F03C3F5BC6}.MinSizeRel|Win32.ActiveCfg = MinSizeRel|Win32
		{55B2651D-6ADB-3B5A-9D31-75F03C3F5BC6}.MinSizeRel|Win32.Build.0 = MinSizeRel|Win32
		{55B2651D-6ADB-3B5A-9D31-75F03C3F5BC6}.RelWithDebInfo|Win32.ActiveCfg = RelWithDebInfo|Win32
		{55B2651D-6ADB-3B5A-9D31-75F03C3F5BC6}.RelWithDebInfo|Win32.Build.0 = RelWithDebInfo|Win32
		{33EE34C6-4039-358E-A368-2FC90E6D2BBA}.Debug|Win32.ActiveCfg = Debug|Win32
		{33EE34C6-4039-358E-A368-2FC90E6D2BBA}.Debug|Win32.Build.0 = Debug|Win32
		{33EE34C6-4039-358E-A368-2FC90E6D2BBA}.Release|Win32.ActiveCfg = Release|Win32
		{33EE34C6-4039-358E-A368-2FC90E6D2BBA}.Release|Win32.Build.0 = Release|Win32
		{33EE34C6-4039-358E-A368-2FC90E6D2BBA}.MinSizeRel|Win32.ActiveCfg = MinSizeRel|Win32
		{33EE34C6-4039-358E-A368-2FC90E6D2BBA}.MinSizeRel|Win32.Build.0 = MinSizeRel|Win32
		{33EE34C6-4039-358E-A368-2FC90E6D2BBA}.RelWithDebInfo|Win32.ActiveCfg = RelWithDebInfo|Win32
		{33EE34C6-4039-358E-A368-2FC90E6D2BBA}.RelWithDebInfo|Win32.Build.0 = RelWithDebInfo|Win32
		{4699D214-D520-3146-B402-C074A6332C4C}.Debug|Win32.ActiveCfg = Debug|Win32
		{4699D214-D520-3146-B402-C074A6332C4C}.Debug|Win32.Build.0 = Debug|Win32
		{4699D214-D520-3146-B402-C074A6332C4C}.Release|Win32.ActiveCfg = Release|Win32
		{4699D214-D520-3146-B402-C074A6332C4C}.Release|Win32.Build.0 = Release|Win32
		{4699D214-D520-3146-B402-C074A6332C4C}.MinSizeRel|Win32.ActiveCfg = MinSizeRel|Win32
		{4699D214-D520-3146-B402-C074A6332C4C}.MinSizeRel|Win32.Build.0 = MinSizeRel|Win32
		{4699D214-D520-3146-B402-C074A6332C4C}.RelWithDebInfo|Win32.ActiveCfg = RelWithDebInfo|Win32
		{4699D214-D520-3146-B402-C074A6332C4C}.RelWithDebInfo|Win32.Build.0 = RelWithDebInfo|Win32
		{DE22E0BA-E52D-31F2-87B9-22BC5D5D2A66}.Debug|Win32.ActiveCfg = Debug|Win32
		{DE22E0BA-E52D-31F2-87B9-22BC5D5D2A66}.Debug|Win32.Build.0 = Debug|Win32
		{DE22E0BA-E52D-31F2-87B9-22BC5D5D2A66}.Release|Win32.ActiveCfg = Release|Win32
		{DE22E0BA-E52D-31F2-87B9-22BC5D5D2A66}.Release|Win32.Build.0 = Release|Win32
		{DE22E0BA-E52D-31F2-87B9-22BC5D5D2A66}.MinSizeRel|Win32.ActiveCfg = MinSizeRel|Win32
		{DE22E0BA-E52D-31F2-87B9-22BC5D5D2A66}.MinSizeRel|Win32.Build.0 = MinSizeRel|Win32
		{DE22E0BA-E52D-31F2-87B9-22BC5D5D2A66}.RelWithDebInfo|Win32.ActiveCfg = RelWithDebInfo|Win32
		{DE22E0BA-E52D-31F2-87B9-22BC5D5D2A66}.RelWithDebInfo|Win32.Build.0 = RelWithDebInfo|Win32
		{78030332-8AE3-3792-B7C7-7BFEAF03E827}.Debug|Win32.ActiveCfg = Debug|Win32
		{78030332-8AE3-3792-B7C7-7BFEAF03E827}.Debug|Win32.Build.0 = Debug|Win32
		{78030332-8AE3-3792-B7C7-7BFEAF03E827}.Release|Win32.ActiveCfg = Release|Win32
		{78030332-8AE3-3792-B7C7-7BFEAF03E827}.Release|Win32.Build.0 = Release|Win32
		{78030332-8AE3-3792-B7C7-7BFEAF03E827}.MinSizeRel|Win32.ActiveCfg = MinSizeRel|Win32
		{78030332-8AE3-3792-B7C7-7BFEAF03E827}.MinSizeRel|Win32.Build.0 = MinSizeRel|Win32
		{78030332-8AE3-3792-B7C7-7BFEAF03E827}.RelWithDebInfo|Win32.ActiveCfg = RelWithDebInfo|Win32
		{78030332-8AE3-3792-B7C7-7BFEAF03E827}.RelWithDebInfo|Win32.Build.0 = RelWithDebInfo|Win32
		{1CDA0EC7-18AA-320D-A5C7-5FC5ACB58D69}.Debug|Win32.ActiveCfg = Debug|Win32
		{1CDA0EC7-18AA-320D-A5C7-5FC5ACB58D69}.Debug|Win32.Build.0 = Debug|Win32
		{1CDA0EC7-18AA-320D-A5C7-5FC5ACB58D69}.Release|Win32.ActiveCfg = Release|Win32
		{1CDA0EC7-18AA-320D-A5C7-5FC5ACB58D69}.Release|Win32.Build.0 = Release|Win32
		{1CDA0EC7-18AA-320D-A5C7-5FC5ACB58D69}.MinSizeRel|Win32.ActiveCfg = MinSizeRel|Win32
		{1CDA0EC7-18AA-320D-A5C7-5FC5ACB58D69}.MinSizeRel|Win32.Build.0 = MinSizeRel|Win32
		{1CDA0EC7-18AA-320D-A5C7-5FC5ACB58D69}.RelWithDebInfo|Win32.ActiveCfg = RelWithDebInfo|Win32
		{1CDA0EC7-18AA-320D-A5C7-5FC5ACB58D69}.RelWithDebInfo|Win32.Build.0 = RelWithDebInfo|Win32
		{07BADF12-8A1D-3CFC-B1F5-FFBDD388E9A8}.Debug|Win32.ActiveCfg = Debug|Win32
		{07BADF12-8A1D-3CFC-B1F5-FFBDD388E9A8}.Debug|Win32.Build.0 = Debug|Win32
		{07BADF12-8A1D-3CFC-B1F5-FFBDD388E9A8}.Release|Win32.ActiveCfg = Release|Win32
		{07BADF12-8A1D-3CFC-B1F5-FFBDD388E9A8}.Release|Win32.Build.0 = Release|Win32
		{07BADF12-8A1D-3CFC-B1F5-FFBDD388E9A8}.MinSizeRel|Win32.ActiveCfg = MinSizeRel|Win32
		{07BADF12-8A1D-3CFC-B1F5-FFBDD388E9A8}.MinSizeRel|Win32.Build.0 = MinSizeRel|Win32
		{07BADF12-8A1D-3CFC-B1F5-FFBDD388E9A8}.RelWithDebInfo|Win32.ActiveCfg = RelWithDebInfo|Win32
		{07BADF12-8A1D-3CFC-B1F5-FFBDD388E9A8}.RelWithDebInfo|Win32.Build.0 = RelWithDebInfo|Win32
		{247657DC-1EB3-3A48-AB3C-EE3E6C9C96B5}.Debug|Win32.ActiveCfg = Debug|Win32
		{247657DC-1EB3-3A48-AB3C-EE3E6C9C96B5}.Debug|Win32.Build.0 = Debug|Win32
		{247657DC-1EB3-3A48-AB3C-EE3E6C9C96B5}.Release|Win32.ActiveCfg = Release|Win32
		{247657DC-1EB3-3A48-AB3C-EE3E6C9C96B5}.Release|Win32.Build.0 = Release|Win32
		{247657DC-1EB3-3A48-AB3C-EE3E6C9C96B5}.MinSizeRel|Win32.ActiveCfg = MinSizeRel|Win32
		{247657DC-1EB3-3A48-AB3C-EE3E6C9C96B5}.MinSizeRel|Win32.Build.0 = MinSizeRel|Win32
		{247657DC-1EB3-3A48-AB3C-EE3E6C9C96B5}.RelWithDebInfo|Win32.ActiveCfg = RelWithDebInfo|Win32
		{247657DC-1EB3-3A48-AB3C-EE3E6C9C96B5}.RelWithDebInfo|Win32.Build.0 = RelWithDebInfo|Win32
		{BD970263-C7E8-3209-817A-628409DC2957}.Debug|Win32.ActiveCfg = Debug|Win32
		{BD970263-C7E8-3209-817A-628409DC2957}.Debug|Win32.Build.0 = Debug|Win32
		{BD970263-C7E8-3209-817A-628409DC2957}.Release|Win32.ActiveCfg = Release|Win32
		{BD970263-C7E8-3209-817A-628409DC2957}.Release|Win32.Build.0 = Release|Win32
		{BD970263-C7E8-3209-817A-628409DC2957}.MinSizeRel|Win32.ActiveCfg = MinSizeRel|Win32
		{BD970263-C7E8-3209-817A-628409DC2957}.MinSizeRel|Win32.Build.0 = MinSizeRel|Win32
		{BD970263-C7E8-3209-817A-628409DC2957}.RelWithDebInfo|Win32.ActiveCfg = RelWithDebInfo|Win32
		{BD970263-C7E8-3209-817A-628409DC2957}.RelWithDebInfo|Win32.Build.0 = RelWithDebInfo|Win32
		{9DB27BF0-4D61-3092-B9B9-D811507CBB1F}.Debug|Win32.ActiveCfg = Debug|Win32
		{9DB27BF0-4D61-3092-B9B9-D811507CBB1F}.Debug|Win32.Build.0 = Debug|Win32
		{9DB27BF0-4D61-3092-B9B9-D811507CBB1F}.Release|Win32.ActiveCfg = Release|Win32
		{9DB27BF0-4D61-3092-B9B9-D811507CBB1F}.Release|Win32.Build.0 = Release|Win32
		{9DB27BF0-4D61-3092-B9B9-D811507CBB1F}.MinSizeRel|Win32.ActiveCfg = MinSizeRel|Win32
		{9DB27BF0-4D61-3092-B9B9-D811507CBB1F}.MinSizeRel|Win32.Build.0 = MinSizeRel|Win32
		{9DB27BF0-4D61-3092-B9B9-D811507CBB1F}.RelWithDebInfo|Win32.ActiveCfg = RelWithDebInfo|Win32
		{9DB27BF0-4D61-3092-B9B9-D811507CBB1F}.RelWithDebInfo|Win32.Build.0 = RelWithDebInfo|Win32
		{000F4F4D-9FC5-3F96-9AA8-E550726AE50B}.Debug|Win32.ActiveCfg = Debug|Win32
		{000F4F4D-9FC5-3F96-9AA8-E550726AE50B}.Debug|Win32.Build.0 = Debug|Win32
		{000F4F4D-9FC5-3F96-9AA8-E550726AE50B}.Release|Win32.ActiveCfg = Release|Win32
		{000F4F4D-9FC5-3F96-9AA8-E550726AE50B}.Release|Win32.Build.0 = Release|Win32
		{000F4F4D-9FC5-3F96-9AA8-E550726AE50B}.MinSizeRel|Win32.ActiveCfg = MinSizeRel|Win32
		{000F4F4D-9FC5-3F96-9AA8-E550726AE50B}.MinSizeRel|Win32.Build.0 = MinSizeRel|Win32
		{000F4F4D-9FC5-3F96-9AA8-E550726AE50B}.RelWithDebInfo|Win32.ActiveCfg = RelWithDebInfo|Win32
		{000F4F4D-9FC5-3F96-9AA8-E550726AE50B}.RelWithDebInfo|Win32.Build.0 = RelWithDebInfo|Win32
		{496C5031-00DC-34EB-8D26-8BD045657550}.Debug|Win32.ActiveCfg = Debug|Win32
		{496C5031-00DC-34EB-8D26-8BD045657550}.Debug|Win32.Build.0 = Debug|Win32
		{496C5031-00DC-34EB-8D26-8BD045657550}.Release|Win32.ActiveCfg = Release|Win32
		{496C5031-00DC-34EB-8D26-8BD045657550}.Release|Win32.Build.0 = Release|Win32
		{496C5031-00DC-34EB-8D26-8BD045657550}.MinSizeRel|Win32.ActiveCfg = MinSizeRel|Win32
		{496C5031-00DC-34EB-8D26-8BD045657550}.MinSizeRel|Win32.Build.0 = MinSizeRel|Win32
		{496C5031-00DC-34EB-8D26-8BD045657550}.RelWithDebInfo|Win32.ActiveCfg = RelWithDebInfo|Win32
		{496C5031-00DC-34EB-8D26-8BD045657550}.RelWithDebInfo|Win32.Build.0 = RelWithDebInfo|Win32
		{543212FC-6EC8-3405-89A1-516CEFC292D2}.Debug|Win32.ActiveCfg = Debug|Win32
		{543212FC-6EC8-3405-89A1-516CEFC292D2}.Debug|Win32.Build.0 = Debug|Win32
		{543212FC-6EC8-3405-89A1-516CEFC292D2}.Release|Win32.ActiveCfg = Release|Win32
		{543212FC-6EC8-3405-89A1-516CEFC292D2}.Release|Win32.Build.0 = Release|Win32
		{543212FC-6EC8-3405-89A1-516CEFC292D2}.MinSizeRel|Win32.ActiveCfg = MinSizeRel|Win32
		{543212FC-6EC8-3405-89A1-516CEFC292D2}.MinSizeRel|Win32.Build.0 = MinSizeRel|Win32
		{543212FC-6EC8-3405-89A1-516CEFC292D2}.RelWithDebInfo|Win32.ActiveCfg = RelWithDebInfo|Win32
		{543212FC-6EC8-3405-89A1-516CEFC292D2}.RelWithDebInfo|Win32.Build.0 = RelWithDebInfo|Win32
		{7790E553-E2AE-3CDD-87D5-470129435576}.Debug|Win32.ActiveCfg = Debug|Win32
		{7790E553-E2AE-3CDD-87D5-470129435576}.Debug|Win32.Build.0 = Debug|Win32
		{7790E553-E2AE-3CDD-87D5-470129435576}.Release|Win32.ActiveCfg = Release|Win32
		{7790E553-E2AE-3CDD-87D5-470129435576}.Release|Win32.Build.0 = Release|Win32
		{7790E553-E2AE-3CDD-87D5-470129435576}.MinSizeRel|Win32.ActiveCfg = MinSizeRel|Win32
		{7790E553-E2AE-3CDD-87D5-470129435576}.MinSizeRel|Win32.Build.0 = MinSizeRel|Win32
		{7790E553-E2AE-3CDD-87D5-470129435576}.RelWithDebInfo|Win32.ActiveCfg = RelWithDebInfo|Win32
		{7790E553-E2AE-3CDD-87D5-470129435576}.RelWithDebInfo|Win32.Build.0 = RelWithDebInfo|Win32
		{B71DA919-3658-315B-9D0D-CFB989DA048C}.Debug|Win32.ActiveCfg = Debug|Win32
		{B71DA919-3658-315B-9D0D-CFB989DA048C}.Debug|Win32.Build.0 = Debug|Win32
		{B71DA919-3658-315B-9D0D-CFB989DA048C}.Release|Win32.ActiveCfg = Release|Win32
		{B71DA919-3658-315B-9D0D-CFB989DA048C}.Release|Win32.Build.0 = Release|Win32
		{B71DA919-3658-315B-9D0D-CFB989DA048C}.MinSizeRel|Win32.ActiveCfg = MinSizeRel|Win32
		{B71DA919-3658-315B-9D0D-CFB989DA048C}.MinSizeRel|Win32.Build.0 = MinSizeRel|Win32
		{B71DA919-3658-315B-9D0D-CFB989DA048C}.RelWithDebInfo|Win32.ActiveCfg = RelWithDebInfo|Win32
		{B71DA919-3658-315B-9D0D-CFB989DA048C}.RelWithDebInfo|Win32.Build.0 = RelWithDebInfo|Win32
		{0BB0AD1F-C060-33C3-BEC8-9189D3C2F357}.Debug|Win32.ActiveCfg = Debug|Win32
		{0BB0AD1F-C060-33C3-BEC8-9189D3C2F357}.Debug|Win32.Build.0 = Debug|Win32
		{0BB0AD1F-C060-33C3-BEC8-9189D3C2F357}.Release|Win32.ActiveCfg = Release|Win32
		{0BB0AD1F-C060-33C3-BEC8-9189D3C2F357}.Release|Win32.Build.0 = Release|Win32
		{0BB0AD1F-C060-33C3-BEC8-9189D3C2F357}.MinSizeRel|Win32.ActiveCfg = MinSizeRel|Win32
		{0BB0AD1F-C060-33C3-BEC8-9189D3C2F357}.MinSizeRel|Win32.Build.0 = MinSizeRel|Win32
		{0BB0AD1F-C060-33C3-BEC8-9189D3C2F357}.RelWithDebInfo|Win32.ActiveCfg = RelWithDebInfo|Win32
		{0BB0AD1F-C060-33C3-BEC8-9189D3C2F357}.RelWithDebInfo|Win32.Build.0 = RelWithDebInfo|Win32
		{F4EAA8F0-B7A5-3669-B9CA-13A0C48F4910}.Debug|Win32.ActiveCfg = Debug|Win32
		{F4EAA8F0-B7A5-3669-B9CA-13A0C48F4910}.Debug|Win32.Build.0 = Debug|Win32
		{F4EAA8F0-B7A5-3669-B9CA-13A0C48F4910}.Release|Win32.ActiveCfg = Release|Win32
		{F4EAA8F0-B7A5-3669-B9CA-13A0C48F4910}.Release|Win32.Build.0 = Release|Win32
		{F4EAA8F0-B7A5-3669-B9CA-13A0C48F4910}.MinSizeRel|Win32.ActiveCfg = MinSizeRel|Win32
		{F4EAA8F0-B7A5-3669-B9CA-13A0C48F4910}.MinSizeRel|Win32.Build.0 = MinSizeRel|Win32
		{F4EAA8F0-B7A5-3669-B9CA-13A0C48F4910}.RelWithDebInfo|Win32.ActiveCfg = RelWithDebInfo|Win32
		{F4EAA8F0-B7A5-3669-B9CA-13A0C48F4910}.RelWithDebInfo|Win32.Build.0 = RelWithDebInfo|Win32
		{A66873E0-8453-3681-9BA4-0C19B485FF27}.Debug|Win32.ActiveCfg = Debug|Win32
		{A66873E0-8453-3681-9BA4-0C19B485FF27}.Debug|Win32.Build.0 = Debug|Win32
		{A66873E0-8453-3681-9BA4-0C19B485FF27}.Release|Win32.ActiveCfg = Release|Win32
		{A66873E0-8453-3681-9BA4-0C19B485FF27}.Release|Win32.Build.0 = Release|Win32
		{A66873E0-8453-3681-9BA4-0C19B485FF27}.MinSizeRel|Win32.ActiveCfg = MinSizeRel|Win32
		{A66873E0-8453-3681-9BA4-0C19B485FF27}.MinSizeRel|Win32.Build.0 = MinSizeRel|Win32
		{A66873E0-8453-3681-9BA4-0C19B485FF27}.RelWithDebInfo|Win32.ActiveCfg = RelWithDebInfo|Win32
		{A66873E0-8453-3681-9BA4-0C19B485FF27}.RelWithDebInfo|Win32.Build.0 = RelWithDebInfo|Win32
		{610285CD-EC5D-3632-9A00-3D5F393EC81D}.Debug|Win32.ActiveCfg = Debug|Win32
		{610285CD-EC5D-3632-9A00-3D5F393EC81D}.Debug|Win32.Build.0 = Debug|Win32
		{610285CD-EC5D-3632-9A00-3D5F393EC81D}.Release|Win32.ActiveCfg = Release|Win32
		{610285CD-EC5D-3632-9A00-3D5F393EC81D}.Release|Win32.Build.0 = Release|Win32
		{610285CD-EC5D-3632-9A00-3D5F393EC81D}.MinSizeRel|Win32.ActiveCfg = MinSizeRel|Win32
		{610285CD-EC5D-3632-9A00-3D5F393EC81D}.MinSizeRel|Win32.Build.0 = MinSizeRel|Win32
		{610285CD-EC5D-3632-9A00-3D5F393EC81D}.RelWithDebInfo|Win32.ActiveCfg = RelWithDebInfo|Win32
		{610285CD-EC5D-3632-9A00-3D5F393EC81D}.RelWithDebInfo|Win32.Build.0 = RelWithDebInfo|Win32
		{2AE602CD-A9BC-3F70-833D-D39D02875EB9}.Debug|Win32.ActiveCfg = Debug|Win32
		{2AE602CD-A9BC-3F70-833D-D39D02875EB9}.Debug|Win32.Build.0 = Debug|Win32
		{2AE602CD-A9BC-3F70-833D-D39D02875EB9}.Release|Win32.ActiveCfg = Release|Win32
		{2AE602CD-A9BC-3F70-833D-D39D02875EB9}.Release|Win32.Build.0 = Release|Win32
		{2AE602CD-A9BC-3F70-833D-D39D02875EB9}.MinSizeRel|Win32.ActiveCfg = MinSizeRel|Win32
		{2AE602CD-A9BC-3F70-833D-D39D02875EB9}.MinSizeRel|Win32.Build.0 = MinSizeRel|Win32
		{2AE602CD-A9BC-3F70-833D-D39D02875EB9}.RelWithDebInfo|Win32.ActiveCfg = RelWithDebInfo|Win32
		{2AE602CD-A9BC-3F70-833D-D39D02875EB9}.RelWithDebInfo|Win32.Build.0 = RelWithDebInfo|Win32
		{8D83D66E-E655-307B-A58E-45249AF26C7C}.Debug|Win32.ActiveCfg = Debug|Win32
		{8D83D66E-E655-307B-A58E-45249AF26C7C}.Debug|Win32.Build.0 = Debug|Win32
		{8D83D66E-E655-307B-A58E-45249AF26C7C}.Release|Win32.ActiveCfg = Release|Win32
		{8D83D66E-E655-307B-A58E-45249AF26C7C}.Release|Win32.Build.0 = Release|Win32
		{8D83D66E-E655-307B-A58E-45249AF26C7C}.MinSizeRel|Win32.ActiveCfg = MinSizeRel|Win32
		{8D83D66E-E655-307B-A58E-45249AF26C7C}.MinSizeRel|Win32.Build.0 = MinSizeRel|Win32
		{8D83D66E-E655-307B-A58E-45249AF26C7C}.RelWithDebInfo|Win32.ActiveCfg = RelWithDebInfo|Win32
		{8D83D66E-E655-307B-A58E-45249AF26C7C}.RelWithDebInfo|Win32.Build.0 = RelWithDebInfo|Win32
		{01365AF7-4985-3F94-8941-A4B6BABE12AA}.Debug|Win32.ActiveCfg = Debug|Win32
		{01365AF7-4985-3F94-8941-A4B6BABE12AA}.Debug|Win32.Build.0 = Debug|Win32
		{01365AF7-4985-3F94-8941-A4B6BABE12AA}.Release|Win32.ActiveCfg = Release|Win32
		{01365AF7-4985-3F94-8941-A4B6BABE12AA}.Release|Win32.Build.0 = Release|Win32
		{01365AF7-4985-3F94-8941-A4B6BABE12AA}.MinSizeRel|Win32.ActiveCfg = MinSizeRel|Win32
		{01365AF7-4985-3F94-8941-A4B6BABE12AA}.MinSizeRel|Win32.Build.0 = MinSizeRel|Win32
		{01365AF7-4985-3F94-8941-A4B6BABE12AA}.RelWithDebInfo|Win32.ActiveCfg = RelWithDebInfo|Win32
		{01365AF7-4985-3F94-8941-A4B6BABE12AA}.RelWithDebInfo|Win32.Build.0 = RelWithDebInfo|Win32
		{8908F161-4AC0-3721-B80E-A90375526ABE}.Debug|Win32.ActiveCfg = Debug|Win32
		{8908F161-4AC0-3721-B80E-A90375526ABE}.Debug|Win32.Build.0 = Debug|Win32
		{8908F161-4AC0-3721-B80E-A90375526ABE}.Release|Win32.ActiveCfg = Release|Win32
		{8908F161-4AC0-3721-B80E-A90375526ABE}.Release|Win32.Build.0 = Release|Win32
		{8908F161-4AC0-3721-B80E-A90375526ABE}.MinSizeRel|Win32.ActiveCfg = MinSizeRel|Win32
		{8908F161-4AC0-3721-B80E-A90375526ABE}.MinSizeRel|Win32.Build.0 = MinSizeRel|Win32
		{8908F161-4AC0-3721-B80E-A90375526ABE}.RelWithDebInfo|Win32.ActiveCfg = RelWithDebInfo|Win32
		{8908F161-4AC0-3721-B80E-A90375526ABE}.RelWithDebInfo|Win32.Build.0 = RelWithDebInfo|Win32
		{EFA1FD7F-13A3-3ECE-93C6-950D048CC863}.Debug|Win32.ActiveCfg = Debug|Win32
		{EFA1FD7F-13A3-3ECE-93C6-950D048CC863}.Debug|Win32.Build.0 = Debug|Win32
		{EFA1FD7F-13A3-3ECE-93C6-950D048CC863}.Release|Win32.ActiveCfg = Release|Win32
		{EFA1FD7F-13A3-3ECE-93C6-950D048CC863}.Release|Win32.Build.0 = Release|Win32
		{EFA1FD7F-13A3-3ECE-93C6-950D048CC863}.MinSizeRel|Win32.ActiveCfg = MinSizeRel|Win32
		{EFA1FD7F-13A3-3ECE-93C6-950D048CC863}.MinSizeRel|Win32.Build.0 = MinSizeRel|Win32
		{EFA1FD7F-13A3-3ECE-93C6-950D048CC863}.RelWithDebInfo|Win32.ActiveCfg = RelWithDebInfo|Win32
		{EFA1FD7F-13A3-3ECE-93C6-950D048CC863}.RelWithDebInfo|Win32.Build.0 = RelWithDebInfo|Win32
		{21E974C7-8D4B-3434-A15A-0F830699B382}.Debug|Win32.ActiveCfg = Debug|Win32
		{21E974C7-8D4B-3434-A15A-0F830699B382}.Debug|Win32.Build.0 = Debug|Win32
		{21E974C7-8D4B-3434-A15A-0F830699B382}.Release|Win32.ActiveCfg = Release|Win32
		{21E974C7-8D4B-3434-A15A-0F830699B382}.Release|Win32.Build.0 = Release|Win32
		{21E974C7-8D4B-3434-A15A-0F830699B382}.MinSizeRel|Win32.ActiveCfg = MinSizeRel|Win32
		{21E974C7-8D4B-3434-A15A-0F830699B382}.MinSizeRel|Win32.Build.0 = MinSizeRel|Win32
		{21E974C7-8D4B-3434-A15A-0F830699B382}.RelWithDebInfo|Win32.ActiveCfg = RelWithDebInfo|Win32
		{21E974C7-8D4B-3434-A15A-0F830699B382}.RelWithDebInfo|Win32.Build.0 = RelWithDebInfo|Win32
		{E9C8F3DF-1148-375C-BE49-F4CABEE9CF04}.Debug|Win32.ActiveCfg = Debug|Win32
		{E9C8F3DF-1148-375C-BE49-F4CABEE9CF04}.Debug|Win32.Build.0 = Debug|Win32
		{E9C8F3DF-1148-375C-BE49-F4CABEE9CF04}.Release|Win32.ActiveCfg = Release|Win32
		{E9C8F3DF-1148-375C-BE49-F4CABEE9CF04}.Release|Win32.Build.0 = Release|Win32
		{E9C8F3DF-1148-375C-BE49-F4CABEE9CF04}.MinSizeRel|Win32.ActiveCfg = MinSizeRel|Win32
		{E9C8F3DF-1148-375C-BE49-F4CABEE9CF04}.MinSizeRel|Win32.Build.0 = MinSizeRel|Win32
		{E9C8F3DF-1148-375C-BE49-F4CABEE9CF04}.RelWithDebInfo|Win32.ActiveCfg = RelWithDebInfo|Win32
		{E9C8F3DF-1148-375C-BE49-F4CABEE9CF04}.RelWithDebInfo|Win32.Build.0 = RelWithDebInfo|Win32
		{FCA9EA83-94CF-3E07-BC2D-2B79EDF14EBD}.Debug|Win32.ActiveCfg = Debug|Win32
		{FCA9EA83-94CF-3E07-BC2D-2B79EDF14EBD}.Debug|Win32.Build.0 = Debug|Win32
		{FCA9EA83-94CF-3E07-BC2D-2B79EDF14EBD}.Release|Win32.ActiveCfg = Release|Win32
		{FCA9EA83-94CF-3E07-BC2D-2B79EDF14EBD}.Release|Win32.Build.0 = Release|Win32
		{FCA9EA83-94CF-3E07-BC2D-2B79EDF14EBD}.MinSizeRel|Win32.ActiveCfg = MinSizeRel|Win32
		{FCA9EA83-94CF-3E07-BC2D-2B79EDF14EBD}.MinSizeRel|Win32.Build.0 = MinSizeRel|Win32
		{FCA9EA83-94CF-3E07-BC2D-2B79EDF14EBD}.RelWithDebInfo|Win32.ActiveCfg = RelWithDebInfo|Win32
		{FCA9EA83-94CF-3E07-BC2D-2B79EDF14EBD}.RelWithDebInfo|Win32.Build.0 = RelWithDebInfo|Win32
		{503085C9-144C-31EA-909F-1BFCFC8A1712}.Debug|Win32.ActiveCfg = Debug|Win32
		{503085C9-144C-31EA-909F-1BFCFC8A1712}.Debug|Win32.Build.0 = Debug|Win32
		{503085C9-144C-31EA-909F-1BFCFC8A1712}.Release|Win32.ActiveCfg = Release|Win32
		{503085C9-144C-31EA-909F-1BFCFC8A1712}.Release|Win32.Build.0 = Release|Win32
		{503085C9-144C-31EA-909F-1BFCFC8A1712}.MinSizeRel|Win32.ActiveCfg = MinSizeRel|Win32
		{503085C9-144C-31EA-909F-1BFCFC8A1712}.MinSizeRel|Win32.Build.0 = MinSizeRel|Win32
		{503085C9-144C-31EA-909F-1BFCFC8A1712}.RelWithDebInfo|Win32.ActiveCfg = RelWithDebInfo|Win32
		{503085C9-144C-31EA-909F-1BFCFC8A1712}.RelWithDebInfo|Win32.Build.0 = RelWithDebInfo|Win32
		{0C9394DB-A7DA-37F9-B81B-C7C465461724}.Debug|Win32.ActiveCfg = Debug|Win32
		{0C9394DB-A7DA-37F9-B81B-C7C465461724}.Release|Win32.ActiveCfg = Release|Win32
		{0C9394DB-A7DA-37F9-B81B-C7C465461724}.MinSizeRel|Win32.ActiveCfg = MinSizeRel|Win32
		{0C9394DB-A7DA-37F9-B81B-C7C465461724}.RelWithDebInfo|Win32.ActiveCfg = RelWithDebInfo|Win32
		{D59410F6-DEA7-3F54-A6D0-088ECEF094CD}.Debug|Win32.ActiveCfg = Debug|Win32
		{D59410F6-DEA7-3F54-A6D0-088ECEF094CD}.Debug|Win32.Build.0 = Debug|Win32
		{D59410F6-DEA7-3F54-A6D0-088ECEF094CD}.Release|Win32.ActiveCfg = Release|Win32
		{D59410F6-DEA7-3F54-A6D0-088ECEF094CD}.Release|Win32.Build.0 = Release|Win32
		{D59410F6-DEA7-3F54-A6D0-088ECEF094CD}.MinSizeRel|Win32.ActiveCfg = MinSizeRel|Win32
		{D59410F6-DEA7-3F54-A6D0-088ECEF094CD}.MinSizeRel|Win32.Build.0 = MinSizeRel|Win32
		{D59410F6-DEA7-3F54-A6D0-088ECEF094CD}.RelWithDebInfo|Win32.ActiveCfg = RelWithDebInfo|Win32
		{D59410F6-DEA7-3F54-A6D0-088ECEF094CD}.RelWithDebInfo|Win32.Build.0 = RelWithDebInfo|Win32
		{92EAA5A8-46E0-3660-8CE0-7E903B0CAA21}.Debug|Win32.ActiveCfg = Debug|Win32
		{92EAA5A8-46E0-3660-8CE0-7E903B0CAA21}.Debug|Win32.Build.0 = Debug|Win32
		{92EAA5A8-46E0-3660-8CE0-7E903B0CAA21}.Release|Win32.ActiveCfg = Release|Win32
		{92EAA5A8-46E0-3660-8CE0-7E903B0CAA21}.Release|Win32.Build.0 = Release|Win32
		{92EAA5A8-46E0-3660-8CE0-7E903B0CAA21}.MinSizeRel|Win32.ActiveCfg = MinSizeRel|Win32
		{92EAA5A8-46E0-3660-8CE0-7E903B0CAA21}.MinSizeRel|Win32.Build.0 = MinSizeRel|Win32
		{92EAA5A8-46E0-3660-8CE0-7E903B0CAA21}.RelWithDebInfo|Win32.ActiveCfg = RelWithDebInfo|Win32
		{92EAA5A8-46E0-3660-8CE0-7E903B0CAA21}.RelWithDebInfo|Win32.Build.0 = RelWithDebInfo|Win32
		{C11C694A-DDD9-3763-BC57-49EE27908FE4}.Debug|Win32.ActiveCfg = Debug|Win32
		{C11C694A-DDD9-3763-BC57-49EE27908FE4}.Debug|Win32.Build.0 = Debug|Win32
		{C11C694A-DDD9-3763-BC57-49EE27908FE4}.Release|Win32.ActiveCfg = Release|Win32
		{C11C694A-DDD9-3763-BC57-49EE27908FE4}.Release|Win32.Build.0 = Release|Win32
		{C11C694A-DDD9-3763-BC57-49EE27908FE4}.MinSizeRel|Win32.ActiveCfg = MinSizeRel|Win32
		{C11C694A-DDD9-3763-BC57-49EE27908FE4}.MinSizeRel|Win32.Build.0 = MinSizeRel|Win32
		{C11C694A-DDD9-3763-BC57-49EE27908FE4}.RelWithDebInfo|Win32.ActiveCfg = RelWithDebInfo|Win32
		{C11C694A-DDD9-3763-BC57-49EE27908FE4}.RelWithDebInfo|Win32.Build.0 = RelWithDebInfo|Win32
	EndGlobalSection
	GlobalSection(NestedProjects) = preSolution
		{6D35F234-316C-3F2C-B72B-D14630621D5F} = {9F57CDE7-C1F1-396F-A26A-5F855E4E5687}
		{49AF805E-F9ED-34CE-9FE9-DEEA097F35CD} = {9F57CDE7-C1F1-396F-A26A-5F855E4E5687}
		{2A3B12DB-7F66-3284-B549-7FB84D5722BF} = {9F57CDE7-C1F1-396F-A26A-5F855E4E5687}
		{AA4AC726-9807-3719-853D-0E0105AB1F12} = {72590DB3-8C4B-35D6-87D8-3D09D70DC9AF}
		{E5095E2A-06BF-3D73-80EA-3504AF65803A} = {72590DB3-8C4B-35D6-87D8-3D09D70DC9AF}
		{9C541C16-F042-37D6-8F69-BC85B5EB97A7} = {72590DB3-8C4B-35D6-87D8-3D09D70DC9AF}
		{0CF73325-407F-348B-B479-6115084032A7} = {AA4AC726-9807-3719-853D-0E0105AB1F12}
		{E34AEBCD-2F2C-32FB-87EC-61FA55D4D09C} = {AA4AC726-9807-3719-853D-0E0105AB1F12}
		{B71E7F6F-2B5B-326B-A58C-87CDCA7E8F18} = {AA4AC726-9807-3719-853D-0E0105AB1F12}
		{84E12B28-FBB6-374F-AAF2-897CE6AB3D62} = {AA4AC726-9807-3719-853D-0E0105AB1F12}
		{33EE34C6-4039-358E-A368-2FC90E6D2BBA} = {AA4AC726-9807-3719-853D-0E0105AB1F12}
		{4699D214-D520-3146-B402-C074A6332C4C} = {AA4AC726-9807-3719-853D-0E0105AB1F12}
		{D59410F6-DEA7-3F54-A6D0-088ECEF094CD} = {AA4AC726-9807-3719-853D-0E0105AB1F12}
		{285FE1D1-0944-34A8-B3E1-CDE32A6CFB89} = {E5095E2A-06BF-3D73-80EA-3504AF65803A}
		{56D08D25-2720-3968-9462-10BC3F020C70} = {E5095E2A-06BF-3D73-80EA-3504AF65803A}
		{5C2623C4-7440-3AD1-A0EE-C4A76FCCF7C8} = {E5095E2A-06BF-3D73-80EA-3504AF65803A}
		{4A85A685-A1FC-3EA1-A7CA-94C7AC55BB95} = {E5095E2A-06BF-3D73-80EA-3504AF65803A}
		{73ADF80F-2E1E-343A-AEA4-E061AC7F4E52} = {E5095E2A-06BF-3D73-80EA-3504AF65803A}
		{7EA7C8F9-4ECA-348D-A565-9E7C4E1CD2EE} = {E5095E2A-06BF-3D73-80EA-3504AF65803A}
		{A8BE99AC-6555-37B6-B56A-200CA5152A89} = {E5095E2A-06BF-3D73-80EA-3504AF65803A}
		{99B7913C-256F-3C27-B892-36B87A946412} = {E5095E2A-06BF-3D73-80EA-3504AF65803A}
		{355C0BA1-7654-387A-BCC1-E38B6911382D} = {E5095E2A-06BF-3D73-80EA-3504AF65803A}
		{5E6CA375-E1BB-35B9-85F4-2C2CF9275951} = {E5095E2A-06BF-3D73-80EA-3504AF65803A}
		{A27A345D-BED0-327D-85A5-91F0403D0DE9} = {E5095E2A-06BF-3D73-80EA-3504AF65803A}
		{55B2651D-6ADB-3B5A-9D31-75F03C3F5BC6} = {E5095E2A-06BF-3D73-80EA-3504AF65803A}
		{DE22E0BA-E52D-31F2-87B9-22BC5D5D2A66} = {E5095E2A-06BF-3D73-80EA-3504AF65803A}
		{78030332-8AE3-3792-B7C7-7BFEAF03E827} = {E5095E2A-06BF-3D73-80EA-3504AF65803A}
		{1CDA0EC7-18AA-320D-A5C7-5FC5ACB58D69} = {E5095E2A-06BF-3D73-80EA-3504AF65803A}
		{92EAA5A8-46E0-3660-8CE0-7E903B0CAA21} = {E5095E2A-06BF-3D73-80EA-3504AF65803A}
	EndGlobalSection
	GlobalSection(ExtensibilityGlobals) = postSolution
		SolutionGuid = {28C924EC-3F15-315E-9C01-2B33E6A06A91}
	EndGlobalSection
	GlobalSection(ExtensibilityAddIns) = postSolution
	EndGlobalSection
EndGlobal
